// !$*UTF8*$!
{
	archiveVersion = 1;
	classes = {
	};
	objectVersion = 50;
	objects = {

/* Begin PBXBuildFile section */
		F7AB50C82544D5650038B384 /* h-rate WatchKit App.app in Embed Watch Content */ = {isa = PBXBuildFile; fileRef = F7AB50C72544D5650038B384 /* h-rate WatchKit App.app */; settings = {ATTRIBUTES = (RemoveHeadersOnCopy, ); }; };
		F7AB50CD2544D5680038B384 /* Assets.xcassets in Resources */ = {isa = PBXBuildFile; fileRef = F7AB50CC2544D5680038B384 /* Assets.xcassets */; };
		F7AB50D42544D5690038B384 /* h-rate WatchKit Extension.appex in Embed App Extensions */ = {isa = PBXBuildFile; fileRef = F7AB50D32544D5690038B384 /* h-rate WatchKit Extension.appex */; settings = {ATTRIBUTES = (RemoveHeadersOnCopy, ); }; };
		F7AB50D92544D5690038B384 /* h_rateApp.swift in Sources */ = {isa = PBXBuildFile; fileRef = F7AB50D82544D5690038B384 /* h_rateApp.swift */; };
		F7AB50DB2544D5690038B384 /* ContentView.swift in Sources */ = {isa = PBXBuildFile; fileRef = F7AB50DA2544D5690038B384 /* ContentView.swift */; };
		F7AB50DD2544D5690038B384 /* NotificationController.swift in Sources */ = {isa = PBXBuildFile; fileRef = F7AB50DC2544D5690038B384 /* NotificationController.swift */; };
		F7AB50DF2544D5690038B384 /* NotificationView.swift in Sources */ = {isa = PBXBuildFile; fileRef = F7AB50DE2544D5690038B384 /* NotificationView.swift */; };
		F7AB50E12544D5690038B384 /* ComplicationController.swift in Sources */ = {isa = PBXBuildFile; fileRef = F7AB50E02544D5690038B384 /* ComplicationController.swift */; };
		F7AB50E32544D56C0038B384 /* Assets.xcassets in Resources */ = {isa = PBXBuildFile; fileRef = F7AB50E22544D56C0038B384 /* Assets.xcassets */; };
		F7AB50E62544D56C0038B384 /* Preview Assets.xcassets in Resources */ = {isa = PBXBuildFile; fileRef = F7AB50E52544D56C0038B384 /* Preview Assets.xcassets */; };
/* End PBXBuildFile section */

/* Begin PBXContainerItemProxy section */
		F7AB50C92544D5650038B384 /* PBXContainerItemProxy */ = {
			isa = PBXContainerItemProxy;
			containerPortal = F7AB50BD2544D5640038B384 /* Project object */;
			proxyType = 1;
			remoteGlobalIDString = F7AB50C62544D5650038B384;
			remoteInfo = "h-rate WatchKit App";
		};
		F7AB50D52544D5690038B384 /* PBXContainerItemProxy */ = {
			isa = PBXContainerItemProxy;
			containerPortal = F7AB50BD2544D5640038B384 /* Project object */;
			proxyType = 1;
			remoteGlobalIDString = F7AB50D22544D5690038B384;
			remoteInfo = "h-rate WatchKit Extension";
		};
/* End PBXContainerItemProxy section */

/* Begin PBXCopyFilesBuildPhase section */
		F7AB50EE2544D56C0038B384 /* Embed App Extensions */ = {
			isa = PBXCopyFilesBuildPhase;
			buildActionMask = 2147483647;
			dstPath = "";
			dstSubfolderSpec = 13;
			files = (
				F7AB50D42544D5690038B384 /* h-rate WatchKit Extension.appex in Embed App Extensions */,
			);
			name = "Embed App Extensions";
			runOnlyForDeploymentPostprocessing = 0;
		};
		F7AB50F22544D56C0038B384 /* Embed Watch Content */ = {
			isa = PBXCopyFilesBuildPhase;
			buildActionMask = 2147483647;
			dstPath = "$(CONTENTS_FOLDER_PATH)/Watch";
			dstSubfolderSpec = 16;
			files = (
				F7AB50C82544D5650038B384 /* h-rate WatchKit App.app in Embed Watch Content */,
			);
			name = "Embed Watch Content";
			runOnlyForDeploymentPostprocessing = 0;
		};
/* End PBXCopyFilesBuildPhase section */

/* Begin PBXFileReference section */
		F7AB50C32544D5650038B384 /* h-rate.app */ = {isa = PBXFileReference; explicitFileType = wrapper.application; includeInIndex = 0; path = "h-rate.app"; sourceTree = BUILT_PRODUCTS_DIR; };
		F7AB50C72544D5650038B384 /* h-rate WatchKit App.app */ = {isa = PBXFileReference; explicitFileType = wrapper.application; includeInIndex = 0; path = "h-rate WatchKit App.app"; sourceTree = BUILT_PRODUCTS_DIR; };
		F7AB50CC2544D5680038B384 /* Assets.xcassets */ = {isa = PBXFileReference; lastKnownFileType = folder.assetcatalog; path = Assets.xcassets; sourceTree = "<group>"; };
		F7AB50CE2544D5680038B384 /* Info.plist */ = {isa = PBXFileReference; lastKnownFileType = text.plist.xml; path = Info.plist; sourceTree = "<group>"; };
		F7AB50D32544D5690038B384 /* h-rate WatchKit Extension.appex */ = {isa = PBXFileReference; explicitFileType = "wrapper.app-extension"; includeInIndex = 0; path = "h-rate WatchKit Extension.appex"; sourceTree = BUILT_PRODUCTS_DIR; };
		F7AB50D82544D5690038B384 /* h_rateApp.swift */ = {isa = PBXFileReference; lastKnownFileType = sourcecode.swift; path = h_rateApp.swift; sourceTree = "<group>"; };
		F7AB50DA2544D5690038B384 /* ContentView.swift */ = {isa = PBXFileReference; lastKnownFileType = sourcecode.swift; path = ContentView.swift; sourceTree = "<group>"; };
		F7AB50DC2544D5690038B384 /* NotificationController.swift */ = {isa = PBXFileReference; lastKnownFileType = sourcecode.swift; path = NotificationController.swift; sourceTree = "<group>"; };
		F7AB50DE2544D5690038B384 /* NotificationView.swift */ = {isa = PBXFileReference; lastKnownFileType = sourcecode.swift; path = NotificationView.swift; sourceTree = "<group>"; };
		F7AB50E02544D5690038B384 /* ComplicationController.swift */ = {isa = PBXFileReference; lastKnownFileType = sourcecode.swift; path = ComplicationController.swift; sourceTree = "<group>"; };
		F7AB50E22544D56C0038B384 /* Assets.xcassets */ = {isa = PBXFileReference; lastKnownFileType = folder.assetcatalog; path = Assets.xcassets; sourceTree = "<group>"; };
		F7AB50E52544D56C0038B384 /* Preview Assets.xcassets */ = {isa = PBXFileReference; lastKnownFileType = folder.assetcatalog; path = "Preview Assets.xcassets"; sourceTree = "<group>"; };
		F7AB50E72544D56C0038B384 /* Info.plist */ = {isa = PBXFileReference; lastKnownFileType = text.plist.xml; path = Info.plist; sourceTree = "<group>"; };
		F7AB50E82544D56C0038B384 /* PushNotificationPayload.apns */ = {isa = PBXFileReference; lastKnownFileType = text; path = PushNotificationPayload.apns; sourceTree = "<group>"; };
/* End PBXFileReference section */

/* Begin PBXFrameworksBuildPhase section */
		F7AB50D02544D5690038B384 /* Frameworks */ = {
			isa = PBXFrameworksBuildPhase;
			buildActionMask = 2147483647;
			files = (
			);
			runOnlyForDeploymentPostprocessing = 0;
		};
/* End PBXFrameworksBuildPhase section */

/* Begin PBXGroup section */
		F7AB50BC2544D5640038B384 = {
			isa = PBXGroup;
			children = (
				F7AB50CB2544D5650038B384 /* h-rate WatchKit App */,
				F7AB50D72544D5690038B384 /* h-rate WatchKit Extension */,
				F7AB50C42544D5650038B384 /* Products */,
			);
			sourceTree = "<group>";
		};
		F7AB50C42544D5650038B384 /* Products */ = {
			isa = PBXGroup;
			children = (
				F7AB50C32544D5650038B384 /* h-rate.app */,
				F7AB50C72544D5650038B384 /* h-rate WatchKit App.app */,
				F7AB50D32544D5690038B384 /* h-rate WatchKit Extension.appex */,
			);
			name = Products;
			sourceTree = "<group>";
		};
		F7AB50CB2544D5650038B384 /* h-rate WatchKit App */ = {
			isa = PBXGroup;
			children = (
				F7AB50CC2544D5680038B384 /* Assets.xcassets */,
				F7AB50CE2544D5680038B384 /* Info.plist */,
			);
			path = "h-rate WatchKit App";
			sourceTree = "<group>";
		};
		F7AB50D72544D5690038B384 /* h-rate WatchKit Extension */ = {
			isa = PBXGroup;
			children = (
				F7AB50D82544D5690038B384 /* h_rateApp.swift */,
				F7AB50DA2544D5690038B384 /* ContentView.swift */,
				F7AB50DC2544D5690038B384 /* NotificationController.swift */,
				F7AB50DE2544D5690038B384 /* NotificationView.swift */,
				F7AB50E02544D5690038B384 /* ComplicationController.swift */,
				F7AB50E22544D56C0038B384 /* Assets.xcassets */,
				F7AB50E72544D56C0038B384 /* Info.plist */,
				F7AB50E82544D56C0038B384 /* PushNotificationPayload.apns */,
				F7AB50E42544D56C0038B384 /* Preview Content */,
			);
			path = "h-rate WatchKit Extension";
			sourceTree = "<group>";
		};
		F7AB50E42544D56C0038B384 /* Preview Content */ = {
			isa = PBXGroup;
			children = (
				F7AB50E52544D56C0038B384 /* Preview Assets.xcassets */,
			);
			path = "Preview Content";
			sourceTree = "<group>";
		};
/* End PBXGroup section */

/* Begin PBXNativeTarget section */
		F7AB50C22544D5650038B384 /* h-rate */ = {
			isa = PBXNativeTarget;
			buildConfigurationList = F7AB50F32544D56C0038B384 /* Build configuration list for PBXNativeTarget "h-rate" */;
			buildPhases = (
				F7AB50C12544D5650038B384 /* Resources */,
				F7AB50F22544D56C0038B384 /* Embed Watch Content */,
			);
			buildRules = (
			);
			dependencies = (
				F7AB50CA2544D5650038B384 /* PBXTargetDependency */,
			);
			name = "h-rate";
			productName = "h-rate";
			productReference = F7AB50C32544D5650038B384 /* h-rate.app */;
			productType = "com.apple.product-type.application.watchapp2-container";
		};
		F7AB50C62544D5650038B384 /* h-rate WatchKit App */ = {
			isa = PBXNativeTarget;
			buildConfigurationList = F7AB50EF2544D56C0038B384 /* Build configuration list for PBXNativeTarget "h-rate WatchKit App" */;
			buildPhases = (
				F7AB50C52544D5650038B384 /* Resources */,
				F7AB50EE2544D56C0038B384 /* Embed App Extensions */,
			);
			buildRules = (
			);
			dependencies = (
				F7AB50D62544D5690038B384 /* PBXTargetDependency */,
			);
			name = "h-rate WatchKit App";
			productName = "h-rate WatchKit App";
			productReference = F7AB50C72544D5650038B384 /* h-rate WatchKit App.app */;
			productType = "com.apple.product-type.application.watchapp2";
		};
		F7AB50D22544D5690038B384 /* h-rate WatchKit Extension */ = {
			isa = PBXNativeTarget;
			buildConfigurationList = F7AB50EB2544D56C0038B384 /* Build configuration list for PBXNativeTarget "h-rate WatchKit Extension" */;
			buildPhases = (
				F7AB50CF2544D5690038B384 /* Sources */,
				F7AB50D02544D5690038B384 /* Frameworks */,
				F7AB50D12544D5690038B384 /* Resources */,
			);
			buildRules = (
			);
			dependencies = (
			);
			name = "h-rate WatchKit Extension";
			productName = "h-rate WatchKit Extension";
			productReference = F7AB50D32544D5690038B384 /* h-rate WatchKit Extension.appex */;
			productType = "com.apple.product-type.watchkit2-extension";
		};
/* End PBXNativeTarget section */

/* Begin PBXProject section */
		F7AB50BD2544D5640038B384 /* Project object */ = {
			isa = PBXProject;
			attributes = {
				LastSwiftUpdateCheck = 1210;
				LastUpgradeCheck = 1210;
				TargetAttributes = {
					F7AB50C22544D5650038B384 = {
						CreatedOnToolsVersion = 12.1;
					};
					F7AB50C62544D5650038B384 = {
						CreatedOnToolsVersion = 12.1;
					};
					F7AB50D22544D5690038B384 = {
						CreatedOnToolsVersion = 12.1;
					};
				};
			};
			buildConfigurationList = F7AB50C02544D5640038B384 /* Build configuration list for PBXProject "h-rate" */;
			compatibilityVersion = "Xcode 9.3";
			developmentRegion = en;
			hasScannedForEncodings = 0;
			knownRegions = (
				en,
				Base,
			);
			mainGroup = F7AB50BC2544D5640038B384;
			productRefGroup = F7AB50C42544D5650038B384 /* Products */;
			projectDirPath = "";
			projectRoot = "";
			targets = (
				F7AB50C22544D5650038B384 /* h-rate */,
				F7AB50C62544D5650038B384 /* h-rate WatchKit App */,
				F7AB50D22544D5690038B384 /* h-rate WatchKit Extension */,
			);
		};
/* End PBXProject section */

/* Begin PBXResourcesBuildPhase section */
		F7AB50C12544D5650038B384 /* Resources */ = {
			isa = PBXResourcesBuildPhase;
			buildActionMask = 2147483647;
			files = (
			);
			runOnlyForDeploymentPostprocessing = 0;
		};
		F7AB50C52544D5650038B384 /* Resources */ = {
			isa = PBXResourcesBuildPhase;
			buildActionMask = 2147483647;
			files = (
				F7AB50CD2544D5680038B384 /* Assets.xcassets in Resources */,
			);
			runOnlyForDeploymentPostprocessing = 0;
		};
		F7AB50D12544D5690038B384 /* Resources */ = {
			isa = PBXResourcesBuildPhase;
			buildActionMask = 2147483647;
			files = (
				F7AB50E62544D56C0038B384 /* Preview Assets.xcassets in Resources */,
				F7AB50E32544D56C0038B384 /* Assets.xcassets in Resources */,
			);
			runOnlyForDeploymentPostprocessing = 0;
		};
/* End PBXResourcesBuildPhase section */

/* Begin PBXSourcesBuildPhase section */
		F7AB50CF2544D5690038B384 /* Sources */ = {
			isa = PBXSourcesBuildPhase;
			buildActionMask = 2147483647;
			files = (
				F7AB50DD2544D5690038B384 /* NotificationController.swift in Sources */,
				F7AB50DB2544D5690038B384 /* ContentView.swift in Sources */,
				F7AB50E12544D5690038B384 /* ComplicationController.swift in Sources */,
				F7AB50D92544D5690038B384 /* h_rateApp.swift in Sources */,
				F7AB50DF2544D5690038B384 /* NotificationView.swift in Sources */,
			);
			runOnlyForDeploymentPostprocessing = 0;
		};
/* End PBXSourcesBuildPhase section */

/* Begin PBXTargetDependency section */
		F7AB50CA2544D5650038B384 /* PBXTargetDependency */ = {
			isa = PBXTargetDependency;
			target = F7AB50C62544D5650038B384 /* h-rate WatchKit App */;
			targetProxy = F7AB50C92544D5650038B384 /* PBXContainerItemProxy */;
		};
		F7AB50D62544D5690038B384 /* PBXTargetDependency */ = {
			isa = PBXTargetDependency;
			target = F7AB50D22544D5690038B384 /* h-rate WatchKit Extension */;
			targetProxy = F7AB50D52544D5690038B384 /* PBXContainerItemProxy */;
		};
/* End PBXTargetDependency section */

/* Begin XCBuildConfiguration section */
		F7AB50E92544D56C0038B384 /* Debug */ = {
			isa = XCBuildConfiguration;
			buildSettings = {
				ALWAYS_SEARCH_USER_PATHS = NO;
				CLANG_ANALYZER_NONNULL = YES;
				CLANG_ANALYZER_NUMBER_OBJECT_CONVERSION = YES_AGGRESSIVE;
				CLANG_CXX_LANGUAGE_STANDARD = "gnu++14";
				CLANG_CXX_LIBRARY = "libc++";
				CLANG_ENABLE_MODULES = YES;
				CLANG_ENABLE_OBJC_ARC = YES;
				CLANG_ENABLE_OBJC_WEAK = YES;
				CLANG_WARN_BLOCK_CAPTURE_AUTORELEASING = YES;
				CLANG_WARN_BOOL_CONVERSION = YES;
				CLANG_WARN_COMMA = YES;
				CLANG_WARN_CONSTANT_CONVERSION = YES;
				CLANG_WARN_DEPRECATED_OBJC_IMPLEMENTATIONS = YES;
				CLANG_WARN_DIRECT_OBJC_ISA_USAGE = YES_ERROR;
				CLANG_WARN_DOCUMENTATION_COMMENTS = YES;
				CLANG_WARN_EMPTY_BODY = YES;
				CLANG_WARN_ENUM_CONVERSION = YES;
				CLANG_WARN_INFINITE_RECURSION = YES;
				CLANG_WARN_INT_CONVERSION = YES;
				CLANG_WARN_NON_LITERAL_NULL_CONVERSION = YES;
				CLANG_WARN_OBJC_IMPLICIT_RETAIN_SELF = YES;
				CLANG_WARN_OBJC_LITERAL_CONVERSION = YES;
				CLANG_WARN_OBJC_ROOT_CLASS = YES_ERROR;
				CLANG_WARN_QUOTED_INCLUDE_IN_FRAMEWORK_HEADER = YES;
				CLANG_WARN_RANGE_LOOP_ANALYSIS = YES;
				CLANG_WARN_STRICT_PROTOTYPES = YES;
				CLANG_WARN_SUSPICIOUS_MOVE = YES;
				CLANG_WARN_UNGUARDED_AVAILABILITY = YES_AGGRESSIVE;
				CLANG_WARN_UNREACHABLE_CODE = YES;
				CLANG_WARN__DUPLICATE_METHOD_MATCH = YES;
				COPY_PHASE_STRIP = NO;
				DEBUG_INFORMATION_FORMAT = dwarf;
				ENABLE_STRICT_OBJC_MSGSEND = YES;
				ENABLE_TESTABILITY = YES;
				GCC_C_LANGUAGE_STANDARD = gnu11;
				GCC_DYNAMIC_NO_PIC = NO;
				GCC_NO_COMMON_BLOCKS = YES;
				GCC_OPTIMIZATION_LEVEL = 0;
				GCC_PREPROCESSOR_DEFINITIONS = (
					"DEBUG=1",
					"$(inherited)",
				);
				GCC_WARN_64_TO_32_BIT_CONVERSION = YES;
				GCC_WARN_ABOUT_RETURN_TYPE = YES_ERROR;
				GCC_WARN_UNDECLARED_SELECTOR = YES;
				GCC_WARN_UNINITIALIZED_AUTOS = YES_AGGRESSIVE;
				GCC_WARN_UNUSED_FUNCTION = YES;
				GCC_WARN_UNUSED_VARIABLE = YES;
				MTL_ENABLE_DEBUG_INFO = INCLUDE_SOURCE;
				MTL_FAST_MATH = YES;
				ONLY_ACTIVE_ARCH = YES;
				SDKROOT = iphoneos;
				SWIFT_ACTIVE_COMPILATION_CONDITIONS = DEBUG;
				SWIFT_OPTIMIZATION_LEVEL = "-Onone";
			};
			name = Debug;
		};
		F7AB50EA2544D56C0038B384 /* Release */ = {
			isa = XCBuildConfiguration;
			buildSettings = {
				ALWAYS_SEARCH_USER_PATHS = NO;
				CLANG_ANALYZER_NONNULL = YES;
				CLANG_ANALYZER_NUMBER_OBJECT_CONVERSION = YES_AGGRESSIVE;
				CLANG_CXX_LANGUAGE_STANDARD = "gnu++14";
				CLANG_CXX_LIBRARY = "libc++";
				CLANG_ENABLE_MODULES = YES;
				CLANG_ENABLE_OBJC_ARC = YES;
				CLANG_ENABLE_OBJC_WEAK = YES;
				CLANG_WARN_BLOCK_CAPTURE_AUTORELEASING = YES;
				CLANG_WARN_BOOL_CONVERSION = YES;
				CLANG_WARN_COMMA = YES;
				CLANG_WARN_CONSTANT_CONVERSION = YES;
				CLANG_WARN_DEPRECATED_OBJC_IMPLEMENTATIONS = YES;
				CLANG_WARN_DIRECT_OBJC_ISA_USAGE = YES_ERROR;
				CLANG_WARN_DOCUMENTATION_COMMENTS = YES;
				CLANG_WARN_EMPTY_BODY = YES;
				CLANG_WARN_ENUM_CONVERSION = YES;
				CLANG_WARN_INFINITE_RECURSION = YES;
				CLANG_WARN_INT_CONVERSION = YES;
				CLANG_WARN_NON_LITERAL_NULL_CONVERSION = YES;
				CLANG_WARN_OBJC_IMPLICIT_RETAIN_SELF = YES;
				CLANG_WARN_OBJC_LITERAL_CONVERSION = YES;
				CLANG_WARN_OBJC_ROOT_CLASS = YES_ERROR;
				CLANG_WARN_QUOTED_INCLUDE_IN_FRAMEWORK_HEADER = YES;
				CLANG_WARN_RANGE_LOOP_ANALYSIS = YES;
				CLANG_WARN_STRICT_PROTOTYPES = YES;
				CLANG_WARN_SUSPICIOUS_MOVE = YES;
				CLANG_WARN_UNGUARDED_AVAILABILITY = YES_AGGRESSIVE;
				CLANG_WARN_UNREACHABLE_CODE = YES;
				CLANG_WARN__DUPLICATE_METHOD_MATCH = YES;
				COPY_PHASE_STRIP = NO;
				DEBUG_INFORMATION_FORMAT = "dwarf-with-dsym";
				ENABLE_NS_ASSERTIONS = NO;
				ENABLE_STRICT_OBJC_MSGSEND = YES;
				GCC_C_LANGUAGE_STANDARD = gnu11;
				GCC_NO_COMMON_BLOCKS = YES;
				GCC_WARN_64_TO_32_BIT_CONVERSION = YES;
				GCC_WARN_ABOUT_RETURN_TYPE = YES_ERROR;
				GCC_WARN_UNDECLARED_SELECTOR = YES;
				GCC_WARN_UNINITIALIZED_AUTOS = YES_AGGRESSIVE;
				GCC_WARN_UNUSED_FUNCTION = YES;
				GCC_WARN_UNUSED_VARIABLE = YES;
				MTL_ENABLE_DEBUG_INFO = NO;
				MTL_FAST_MATH = YES;
				SDKROOT = iphoneos;
				SWIFT_COMPILATION_MODE = wholemodule;
				SWIFT_OPTIMIZATION_LEVEL = "-O";
				VALIDATE_PRODUCT = YES;
			};
			name = Release;
		};
		F7AB50EC2544D56C0038B384 /* Debug */ = {
			isa = XCBuildConfiguration;
			buildSettings = {
				ASSETCATALOG_COMPILER_COMPLICATION_NAME = Complication;
				CODE_SIGN_STYLE = Automatic;
				DEVELOPMENT_ASSET_PATHS = "\"h-rate WatchKit Extension/Preview Content\"";
				DEVELOPMENT_TEAM = F698675JBS;
				ENABLE_PREVIEWS = YES;
				INFOPLIST_FILE = "h-rate WatchKit Extension/Info.plist";
				LD_RUNPATH_SEARCH_PATHS = (
					"$(inherited)",
					"@executable_path/Frameworks",
					"@executable_path/../../Frameworks",
				);
				PRODUCT_BUNDLE_IDENTIFIER = "com.an23lm.h-rate.watchkitapp.watchkitextension";
				PRODUCT_NAME = "${TARGET_NAME}";
				SDKROOT = watchos;
				SKIP_INSTALL = YES;
				SWIFT_VERSION = 5.0;
				TARGETED_DEVICE_FAMILY = 4;
				WATCHOS_DEPLOYMENT_TARGET = 7.0;
			};
			name = Debug;
		};
		F7AB50ED2544D56C0038B384 /* Release */ = {
			isa = XCBuildConfiguration;
			buildSettings = {
				ASSETCATALOG_COMPILER_COMPLICATION_NAME = Complication;
				CODE_SIGN_STYLE = Automatic;
				DEVELOPMENT_ASSET_PATHS = "\"h-rate WatchKit Extension/Preview Content\"";
				DEVELOPMENT_TEAM = F698675JBS;
				ENABLE_PREVIEWS = YES;
				INFOPLIST_FILE = "h-rate WatchKit Extension/Info.plist";
				LD_RUNPATH_SEARCH_PATHS = (
					"$(inherited)",
					"@executable_path/Frameworks",
					"@executable_path/../../Frameworks",
				);
				PRODUCT_BUNDLE_IDENTIFIER = "com.an23lm.h-rate.watchkitapp.watchkitextension";
				PRODUCT_NAME = "${TARGET_NAME}";
				SDKROOT = watchos;
				SKIP_INSTALL = YES;
				SWIFT_VERSION = 5.0;
				TARGETED_DEVICE_FAMILY = 4;
				WATCHOS_DEPLOYMENT_TARGET = 7.0;
			};
			name = Release;
		};
		F7AB50F02544D56C0038B384 /* Debug */ = {
			isa = XCBuildConfiguration;
			buildSettings = {
				ALWAYS_EMBED_SWIFT_STANDARD_LIBRARIES = YES;
				ASSETCATALOG_COMPILER_APPICON_NAME = AppIcon;
				ASSETCATALOG_COMPILER_GLOBAL_ACCENT_COLOR_NAME = AccentColor;
				CODE_SIGN_STYLE = Automatic;
				DEVELOPMENT_TEAM = F698675JBS;
				IBSC_MODULE = h_rate_WatchKit_Extension;
				INFOPLIST_FILE = "h-rate WatchKit App/Info.plist";
				PRODUCT_BUNDLE_IDENTIFIER = "com.an23lm.h-rate.watchkitapp";
				PRODUCT_NAME = "$(TARGET_NAME)";
				SDKROOT = watchos;
				SKIP_INSTALL = YES;
				SWIFT_VERSION = 5.0;
				TARGETED_DEVICE_FAMILY = 4;
				WATCHOS_DEPLOYMENT_TARGET = 7.0;
			};
			name = Debug;
		};
		F7AB50F12544D56C0038B384 /* Release */ = {
			isa = XCBuildConfiguration;
			buildSettings = {
				ALWAYS_EMBED_SWIFT_STANDARD_LIBRARIES = YES;
				ASSETCATALOG_COMPILER_APPICON_NAME = AppIcon;
				ASSETCATALOG_COMPILER_GLOBAL_ACCENT_COLOR_NAME = AccentColor;
				CODE_SIGN_STYLE = Automatic;
				DEVELOPMENT_TEAM = F698675JBS;
				IBSC_MODULE = h_rate_WatchKit_Extension;
				INFOPLIST_FILE = "h-rate WatchKit App/Info.plist";
				PRODUCT_BUNDLE_IDENTIFIER = "com.an23lm.h-rate.watchkitapp";
				PRODUCT_NAME = "$(TARGET_NAME)";
				SDKROOT = watchos;
				SKIP_INSTALL = YES;
				SWIFT_VERSION = 5.0;
				TARGETED_DEVICE_FAMILY = 4;
				WATCHOS_DEPLOYMENT_TARGET = 7.0;
			};
			name = Release;
		};
		F7AB50F42544D56C0038B384 /* Debug */ = {
			isa = XCBuildConfiguration;
			buildSettings = {
				CODE_SIGN_STYLE = Automatic;
				CURRENT_PROJECT_VERSION = 1;
				DEVELOPMENT_TEAM = F698675JBS;
				MARKETING_VERSION = 1.0;
				PRODUCT_BUNDLE_IDENTIFIER = "com.an23lm.h-rate";
				PRODUCT_NAME = "$(TARGET_NAME)";
				SWIFT_VERSION = 5.0;
			};
			name = Debug;
		};
		F7AB50F52544D56C0038B384 /* Release */ = {
			isa = XCBuildConfiguration;
			buildSettings = {
				CODE_SIGN_STYLE = Automatic;
				CURRENT_PROJECT_VERSION = 1;
				DEVELOPMENT_TEAM = F698675JBS;
				MARKETING_VERSION = 1.0;
				PRODUCT_BUNDLE_IDENTIFIER = "com.an23lm.h-rate";
				PRODUCT_NAME = "$(TARGET_NAME)";
				SWIFT_VERSION = 5.0;
			};
			name = Release;
		};
/* End XCBuildConfiguration section */

/* Begin XCConfigurationList section */
		F7AB50C02544D5640038B384 /* Build configuration list for PBXProject "h-rate" */ = {
			isa = XCConfigurationList;
			buildConfigurations = (
				F7AB50E92544D56C0038B384 /* Debug */,
				F7AB50EA2544D56C0038B384 /* Release */,
			);
			defaultConfigurationIsVisible = 0;
			defaultConfigurationName = Release;
		};
		F7AB50EB2544D56C0038B384 /* Build configuration list for PBXNativeTarget "h-rate WatchKit Extension" */ = {
			isa = XCConfigurationList;
			buildConfigurations = (
				F7AB50EC2544D56C0038B384 /* Debug */,
				F7AB50ED2544D56C0038B384 /* Release */,
			);
			defaultConfigurationIsVisible = 0;
			defaultConfigurationName = Release;
		};
		F7AB50EF2544D56C0038B384 /* Build configuration list for PBXNativeTarget "h-rate WatchKit App" */ = {
			isa = XCConfigurationList;
			buildConfigurations = (
				F7AB50F02544D56C0038B384 /* Debug */,
				F7AB50F12544D56C0038B384 /* Release */,
			);
			defaultConfigurationIsVisible = 0;
			defaultConfigurationName = Release;
		};
		F7AB50F32544D56C0038B384 /* Build configuration list for PBXNativeTarget "h-rate" */ = {
			isa = XCConfigurationList;
			buildConfigurations = (
				F7AB50F42544D56C0038B384 /* Debug */,
				F7AB50F52544D56C0038B384 /* Release */,
			);
			defaultConfigurationIsVisible = 0;
			defaultConfigurationName = Release;
		};
/* End XCConfigurationList section */
	};
	rootObject = F7AB50BD2544D5640038B384 /* Project object */;
}
