// !$*UTF8*$!
{
	archiveVersion = 1;
	classes = {
	};
	objectVersion = 52;
	objects = {

/* Begin PBXBuildFile section */
		F78761CE25ACDA7400CCBDD6 /* Environment.swift in Sources */ = {isa = PBXBuildFile; fileRef = F78761CD25ACD9D300CCBDD6 /* Environment.swift */; };
		F7B1D47625A737D30051DA10 /* ContentViewModel.swift in Sources */ = {isa = PBXBuildFile; fileRef = F7B1D47525A737D30051DA10 /* ContentViewModel.swift */; };
		F7B7CEAA257C005900E43882 /* hrate WatchKit App.app in Embed Watch Content */ = {isa = PBXBuildFile; fileRef = F7B7CEA9257C005900E43882 /* hrate WatchKit App.app */; settings = {ATTRIBUTES = (RemoveHeadersOnCopy, ); }; };
		F7B7CEAF257C005B00E43882 /* Assets.xcassets in Resources */ = {isa = PBXBuildFile; fileRef = F7B7CEAE257C005B00E43882 /* Assets.xcassets */; };
		F7B7CEB6257C005C00E43882 /* hrate WatchKit Extension.appex in Embed App Extensions */ = {isa = PBXBuildFile; fileRef = F7B7CEB5257C005C00E43882 /* hrate WatchKit Extension.appex */; settings = {ATTRIBUTES = (RemoveHeadersOnCopy, ); }; };
		F7B7CEBB257C005C00E43882 /* ContentView.swift in Sources */ = {isa = PBXBuildFile; fileRef = F7B7CEBA257C005C00E43882 /* ContentView.swift */; };
		F7B7CEBD257C005C00E43882 /* hrateApp.swift in Sources */ = {isa = PBXBuildFile; fileRef = F7B7CEBC257C005C00E43882 /* hrateApp.swift */; };
		F7B7CEBF257C005C00E43882 /* ComplicationController.swift in Sources */ = {isa = PBXBuildFile; fileRef = F7B7CEBE257C005C00E43882 /* ComplicationController.swift */; };
		F7B7CEC1257C005D00E43882 /* Assets.xcassets in Resources */ = {isa = PBXBuildFile; fileRef = F7B7CEC0257C005D00E43882 /* Assets.xcassets */; };
		F7B7CEC4257C005D00E43882 /* Preview Assets.xcassets in Resources */ = {isa = PBXBuildFile; fileRef = F7B7CEC3257C005D00E43882 /* Preview Assets.xcassets */; };
		F7B7CEE2257C018400E43882 /* SocketIO in Frameworks */ = {isa = PBXBuildFile; productRef = F7B7CEE1257C018400E43882 /* SocketIO */; };
/* End PBXBuildFile section */

/* Begin PBXContainerItemProxy section */
		F7B7CEAB257C005900E43882 /* PBXContainerItemProxy */ = {
			isa = PBXContainerItemProxy;
			containerPortal = F7B7CE9F257C005800E43882 /* Project object */;
			proxyType = 1;
			remoteGlobalIDString = F7B7CEA8257C005900E43882;
			remoteInfo = "hrate WatchKit App";
		};
		F7B7CEB7257C005C00E43882 /* PBXContainerItemProxy */ = {
			isa = PBXContainerItemProxy;
			containerPortal = F7B7CE9F257C005800E43882 /* Project object */;
			proxyType = 1;
			remoteGlobalIDString = F7B7CEB4257C005C00E43882;
			remoteInfo = "hrate WatchKit Extension";
		};
/* End PBXContainerItemProxy section */

/* Begin PBXCopyFilesBuildPhase section */
		F7B7CECB257C005D00E43882 /* Embed App Extensions */ = {
			isa = PBXCopyFilesBuildPhase;
			buildActionMask = 2147483647;
			dstPath = "";
			dstSubfolderSpec = 13;
			files = (
				F7B7CEB6257C005C00E43882 /* hrate WatchKit Extension.appex in Embed App Extensions */,
			);
			name = "Embed App Extensions";
			runOnlyForDeploymentPostprocessing = 0;
		};
		F7B7CECF257C005D00E43882 /* Embed Watch Content */ = {
			isa = PBXCopyFilesBuildPhase;
			buildActionMask = 12;
			dstPath = "$(CONTENTS_FOLDER_PATH)/Watch";
			dstSubfolderSpec = 16;
			files = (
				F7B7CEAA257C005900E43882 /* hrate WatchKit App.app in Embed Watch Content */,
			);
			name = "Embed Watch Content";
			runOnlyForDeploymentPostprocessing = 0;
		};
/* End PBXCopyFilesBuildPhase section */

/* Begin PBXFileReference section */
		F78761C125ACD72600CCBDD6 /* Development.xcconfig */ = {isa = PBXFileReference; lastKnownFileType = text.xcconfig; path = Development.xcconfig; sourceTree = "<group>"; };
		F78761C225ACD8D300CCBDD6 /* Production.xcconfig */ = {isa = PBXFileReference; lastKnownFileType = text.xcconfig; path = Production.xcconfig; sourceTree = "<group>"; };
		F78761CD25ACD9D300CCBDD6 /* Environment.swift */ = {isa = PBXFileReference; lastKnownFileType = sourcecode.swift; path = Environment.swift; sourceTree = "<group>"; };
		F7B1D47525A737D30051DA10 /* ContentViewModel.swift */ = {isa = PBXFileReference; lastKnownFileType = sourcecode.swift; path = ContentViewModel.swift; sourceTree = "<group>"; };
		F7B7CEA5257C005800E43882 /* hrate.app */ = {isa = PBXFileReference; explicitFileType = wrapper.application; includeInIndex = 0; path = hrate.app; sourceTree = BUILT_PRODUCTS_DIR; };
		F7B7CEA9257C005900E43882 /* hrate WatchKit App.app */ = {isa = PBXFileReference; explicitFileType = wrapper.application; includeInIndex = 0; path = "hrate WatchKit App.app"; sourceTree = BUILT_PRODUCTS_DIR; };
		F7B7CEAE257C005B00E43882 /* Assets.xcassets */ = {isa = PBXFileReference; lastKnownFileType = folder.assetcatalog; path = Assets.xcassets; sourceTree = "<group>"; };
		F7B7CEB0257C005B00E43882 /* Info.plist */ = {isa = PBXFileReference; lastKnownFileType = text.plist.xml; path = Info.plist; sourceTree = "<group>"; };
		F7B7CEB5257C005C00E43882 /* hrate WatchKit Extension.appex */ = {isa = PBXFileReference; explicitFileType = "wrapper.app-extension"; includeInIndex = 0; path = "hrate WatchKit Extension.appex"; sourceTree = BUILT_PRODUCTS_DIR; };
		F7B7CEBA257C005C00E43882 /* ContentView.swift */ = {isa = PBXFileReference; lastKnownFileType = sourcecode.swift; path = ContentView.swift; sourceTree = "<group>"; };
		F7B7CEBC257C005C00E43882 /* hrateApp.swift */ = {isa = PBXFileReference; lastKnownFileType = sourcecode.swift; path = hrateApp.swift; sourceTree = "<group>"; };
		F7B7CEBE257C005C00E43882 /* ComplicationController.swift */ = {isa = PBXFileReference; lastKnownFileType = sourcecode.swift; path = ComplicationController.swift; sourceTree = "<group>"; };
		F7B7CEC0257C005D00E43882 /* Assets.xcassets */ = {isa = PBXFileReference; lastKnownFileType = folder.assetcatalog; path = Assets.xcassets; sourceTree = "<group>"; };
		F7B7CEC3257C005D00E43882 /* Preview Assets.xcassets */ = {isa = PBXFileReference; lastKnownFileType = folder.assetcatalog; path = "Preview Assets.xcassets"; sourceTree = "<group>"; };
		F7B7CEC5257C005D00E43882 /* Info.plist */ = {isa = PBXFileReference; lastKnownFileType = text.plist.xml; path = Info.plist; sourceTree = "<group>"; };
/* End PBXFileReference section */

/* Begin PBXFrameworksBuildPhase section */
		F7B7CEB2257C005C00E43882 /* Frameworks */ = {
			isa = PBXFrameworksBuildPhase;
			buildActionMask = 2147483647;
			files = (
				F7B7CEE2257C018400E43882 /* SocketIO in Frameworks */,
			);
			runOnlyForDeploymentPostprocessing = 0;
		};
/* End PBXFrameworksBuildPhase section */

/* Begin PBXGroup section */
		F78761C325ACD8E600CCBDD6 /* Config */ = {
			isa = PBXGroup;
			children = (
				F78761C125ACD72600CCBDD6 /* Development.xcconfig */,
				F78761C225ACD8D300CCBDD6 /* Production.xcconfig */,
				F78761CD25ACD9D300CCBDD6 /* Environment.swift */,
			);
			path = Config;
			sourceTree = "<group>";
		};
		F7B7CE9E257C005800E43882 = {
			isa = PBXGroup;
			children = (
				F78761C325ACD8E600CCBDD6 /* Config */,
				F7B7CEAD257C005900E43882 /* hrate WatchKit App */,
				F7B7CEB9257C005C00E43882 /* hrate WatchKit Extension */,
				F7B7CEA6257C005800E43882 /* Products */,
			);
			sourceTree = "<group>";
		};
		F7B7CEA6257C005800E43882 /* Products */ = {
			isa = PBXGroup;
			children = (
				F7B7CEA5257C005800E43882 /* hrate.app */,
				F7B7CEA9257C005900E43882 /* hrate WatchKit App.app */,
				F7B7CEB5257C005C00E43882 /* hrate WatchKit Extension.appex */,
			);
			name = Products;
			sourceTree = "<group>";
		};
		F7B7CEAD257C005900E43882 /* hrate WatchKit App */ = {
			isa = PBXGroup;
			children = (
				F7B7CEAE257C005B00E43882 /* Assets.xcassets */,
				F7B7CEB0257C005B00E43882 /* Info.plist */,
			);
			path = "hrate WatchKit App";
			sourceTree = "<group>";
		};
		F7B7CEB9257C005C00E43882 /* hrate WatchKit Extension */ = {
			isa = PBXGroup;
			children = (
				F7B1D47525A737D30051DA10 /* ContentViewModel.swift */,
				F7B7CEBA257C005C00E43882 /* ContentView.swift */,
				F7B7CEBC257C005C00E43882 /* hrateApp.swift */,
				F7B7CEBE257C005C00E43882 /* ComplicationController.swift */,
				F7B7CEC0257C005D00E43882 /* Assets.xcassets */,
				F7B7CEC5257C005D00E43882 /* Info.plist */,
				F7B7CEC2257C005D00E43882 /* Preview Content */,
			);
			path = "hrate WatchKit Extension";
			sourceTree = "<group>";
		};
		F7B7CEC2257C005D00E43882 /* Preview Content */ = {
			isa = PBXGroup;
			children = (
				F7B7CEC3257C005D00E43882 /* Preview Assets.xcassets */,
			);
			path = "Preview Content";
			sourceTree = "<group>";
		};
/* End PBXGroup section */

/* Begin PBXNativeTarget section */
		F7B7CEA4257C005800E43882 /* hrate */ = {
			isa = PBXNativeTarget;
			buildConfigurationList = F7B7CED0257C005D00E43882 /* Build configuration list for PBXNativeTarget "hrate" */;
			buildPhases = (
				F7B7CEA3257C005800E43882 /* Resources */,
				F7B7CECF257C005D00E43882 /* Embed Watch Content */,
			);
			buildRules = (
			);
			dependencies = (
				F7B7CEAC257C005900E43882 /* PBXTargetDependency */,
			);
			name = hrate;
			packageProductDependencies = (
			);
			productName = hrate;
			productReference = F7B7CEA5257C005800E43882 /* hrate.app */;
			productType = "com.apple.product-type.application.watchapp2-container";
		};
		F7B7CEA8257C005900E43882 /* hrate WatchKit App */ = {
			isa = PBXNativeTarget;
			buildConfigurationList = F7B7CECC257C005D00E43882 /* Build configuration list for PBXNativeTarget "hrate WatchKit App" */;
			buildPhases = (
				F7B7CEA7257C005900E43882 /* Resources */,
				F7B7CECB257C005D00E43882 /* Embed App Extensions */,
			);
			buildRules = (
			);
			dependencies = (
				F7B7CEB8257C005C00E43882 /* PBXTargetDependency */,
			);
			name = "hrate WatchKit App";
			productName = "hrate WatchKit App";
			productReference = F7B7CEA9257C005900E43882 /* hrate WatchKit App.app */;
			productType = "com.apple.product-type.application.watchapp2";
		};
		F7B7CEB4257C005C00E43882 /* hrate WatchKit Extension */ = {
			isa = PBXNativeTarget;
			buildConfigurationList = F7B7CEC8257C005D00E43882 /* Build configuration list for PBXNativeTarget "hrate WatchKit Extension" */;
			buildPhases = (
				F7B7CEB1257C005C00E43882 /* Sources */,
				F7B7CEB2257C005C00E43882 /* Frameworks */,
				F7B7CEB3257C005C00E43882 /* Resources */,
			);
			buildRules = (
			);
			dependencies = (
			);
			name = "hrate WatchKit Extension";
			packageProductDependencies = (
				F7B7CEE1257C018400E43882 /* SocketIO */,
			);
			productName = "hrate WatchKit Extension";
			productReference = F7B7CEB5257C005C00E43882 /* hrate WatchKit Extension.appex */;
			productType = "com.apple.product-type.watchkit2-extension";
		};
/* End PBXNativeTarget section */

/* Begin PBXProject section */
		F7B7CE9F257C005800E43882 /* Project object */ = {
			isa = PBXProject;
			attributes = {
				LastSwiftUpdateCheck = 1220;
				LastUpgradeCheck = 1220;
				TargetAttributes = {
					F7B7CEA4257C005800E43882 = {
						CreatedOnToolsVersion = 12.2;
						LastSwiftMigration = 1220;
					};
					F7B7CEA8257C005900E43882 = {
						CreatedOnToolsVersion = 12.2;
					};
					F7B7CEB4257C005C00E43882 = {
						CreatedOnToolsVersion = 12.2;
					};
				};
			};
			buildConfigurationList = F7B7CEA2257C005800E43882 /* Build configuration list for PBXProject "hrate" */;
			compatibilityVersion = "Xcode 9.3";
			developmentRegion = en;
			hasScannedForEncodings = 0;
			knownRegions = (
				en,
				Base,
			);
			mainGroup = F7B7CE9E257C005800E43882;
			packageReferences = (
				F7B7CEE0257C018400E43882 /* XCRemoteSwiftPackageReference "socket" */,
			);
			productRefGroup = F7B7CEA6257C005800E43882 /* Products */;
			projectDirPath = "";
			projectRoot = "";
			targets = (
				F7B7CEA4257C005800E43882 /* hrate */,
				F7B7CEA8257C005900E43882 /* hrate WatchKit App */,
				F7B7CEB4257C005C00E43882 /* hrate WatchKit Extension */,
			);
		};
/* End PBXProject section */

/* Begin PBXResourcesBuildPhase section */
		F7B7CEA3257C005800E43882 /* Resources */ = {
			isa = PBXResourcesBuildPhase;
			buildActionMask = 2147483647;
			files = (
			);
			runOnlyForDeploymentPostprocessing = 0;
		};
		F7B7CEA7257C005900E43882 /* Resources */ = {
			isa = PBXResourcesBuildPhase;
			buildActionMask = 2147483647;
			files = (
				F7B7CEAF257C005B00E43882 /* Assets.xcassets in Resources */,
			);
			runOnlyForDeploymentPostprocessing = 0;
		};
		F7B7CEB3257C005C00E43882 /* Resources */ = {
			isa = PBXResourcesBuildPhase;
			buildActionMask = 2147483647;
			files = (
				F7B7CEC4257C005D00E43882 /* Preview Assets.xcassets in Resources */,
				F7B7CEC1257C005D00E43882 /* Assets.xcassets in Resources */,
			);
			runOnlyForDeploymentPostprocessing = 0;
		};
/* End PBXResourcesBuildPhase section */

/* Begin PBXSourcesBuildPhase section */
		F7B7CEB1257C005C00E43882 /* Sources */ = {
			isa = PBXSourcesBuildPhase;
			buildActionMask = 2147483647;
			files = (
				F7B1D47625A737D30051DA10 /* ContentViewModel.swift in Sources */,
				F7B7CEBD257C005C00E43882 /* hrateApp.swift in Sources */,
				F7B7CEBB257C005C00E43882 /* ContentView.swift in Sources */,
				F7B7CEBF257C005C00E43882 /* ComplicationController.swift in Sources */,
				F78761CE25ACDA7400CCBDD6 /* Environment.swift in Sources */,
			);
			runOnlyForDeploymentPostprocessing = 0;
		};
/* End PBXSourcesBuildPhase section */

/* Begin PBXTargetDependency section */
		F7B7CEAC257C005900E43882 /* PBXTargetDependency */ = {
			isa = PBXTargetDependency;
			target = F7B7CEA8257C005900E43882 /* hrate WatchKit App */;
			targetProxy = F7B7CEAB257C005900E43882 /* PBXContainerItemProxy */;
		};
		F7B7CEB8257C005C00E43882 /* PBXTargetDependency */ = {
			isa = PBXTargetDependency;
			target = F7B7CEB4257C005C00E43882 /* hrate WatchKit Extension */;
			targetProxy = F7B7CEB7257C005C00E43882 /* PBXContainerItemProxy */;
		};
/* End PBXTargetDependency section */

/* Begin XCBuildConfiguration section */
		F7B7CEC6257C005D00E43882 /* Debug */ = {
			isa = XCBuildConfiguration;
			baseConfigurationReference = F78761C125ACD72600CCBDD6 /* Development.xcconfig */;
			buildSettings = {
				ALWAYS_SEARCH_USER_PATHS = NO;
				CLANG_ANALYZER_NONNULL = YES;
				CLANG_ANALYZER_NUMBER_OBJECT_CONVERSION = YES_AGGRESSIVE;
				CLANG_CXX_LANGUAGE_STANDARD = "gnu++14";
				CLANG_CXX_LIBRARY = "libc++";
				CLANG_ENABLE_MODULES = YES;
				CLANG_ENABLE_OBJC_ARC = YES;
				CLANG_ENABLE_OBJC_WEAK = YES;
				CLANG_WARN_BLOCK_CAPTURE_AUTORELEASING = YES;
				CLANG_WARN_BOOL_CONVERSION = YES;
				CLANG_WARN_COMMA = YES;
				CLANG_WARN_CONSTANT_CONVERSION = YES;
				CLANG_WARN_DEPRECATED_OBJC_IMPLEMENTATIONS = YES;
				CLANG_WARN_DIRECT_OBJC_ISA_USAGE = YES_ERROR;
				CLANG_WARN_DOCUMENTATION_COMMENTS = YES;
				CLANG_WARN_EMPTY_BODY = YES;
				CLANG_WARN_ENUM_CONVERSION = YES;
				CLANG_WARN_INFINITE_RECURSION = YES;
				CLANG_WARN_INT_CONVERSION = YES;
				CLANG_WARN_NON_LITERAL_NULL_CONVERSION = YES;
				CLANG_WARN_OBJC_IMPLICIT_RETAIN_SELF = YES;
				CLANG_WARN_OBJC_LITERAL_CONVERSION = YES;
				CLANG_WARN_OBJC_ROOT_CLASS = YES_ERROR;
				CLANG_WARN_QUOTED_INCLUDE_IN_FRAMEWORK_HEADER = YES;
				CLANG_WARN_RANGE_LOOP_ANALYSIS = YES;
				CLANG_WARN_STRICT_PROTOTYPES = YES;
				CLANG_WARN_SUSPICIOUS_MOVE = YES;
				CLANG_WARN_UNGUARDED_AVAILABILITY = YES_AGGRESSIVE;
				CLANG_WARN_UNREACHABLE_CODE = YES;
				CLANG_WARN__DUPLICATE_METHOD_MATCH = YES;
				COPY_PHASE_STRIP = NO;
				DEBUG_INFORMATION_FORMAT = dwarf;
				ENABLE_STRICT_OBJC_MSGSEND = YES;
				ENABLE_TESTABILITY = YES;
				GCC_C_LANGUAGE_STANDARD = gnu11;
				GCC_DYNAMIC_NO_PIC = NO;
				GCC_NO_COMMON_BLOCKS = YES;
				GCC_OPTIMIZATION_LEVEL = 0;
				GCC_PREPROCESSOR_DEFINITIONS = (
					"DEBUG=1",
					"$(inherited)",
				);
				GCC_WARN_64_TO_32_BIT_CONVERSION = YES;
				GCC_WARN_ABOUT_RETURN_TYPE = YES_ERROR;
				GCC_WARN_UNDECLARED_SELECTOR = YES;
				GCC_WARN_UNINITIALIZED_AUTOS = YES_AGGRESSIVE;
				GCC_WARN_UNUSED_FUNCTION = YES;
				GCC_WARN_UNUSED_VARIABLE = YES;
				MTL_ENABLE_DEBUG_INFO = INCLUDE_SOURCE;
				MTL_FAST_MATH = YES;
				ONLY_ACTIVE_ARCH = YES;
				SDKROOT = iphoneos;
				SWIFT_ACTIVE_COMPILATION_CONDITIONS = DEBUG;
				SWIFT_OPTIMIZATION_LEVEL = "-Onone";
			};
			name = Debug;
		};
		F7B7CEC7257C005D00E43882 /* Release */ = {
			isa = XCBuildConfiguration;
			baseConfigurationReference = F78761C225ACD8D300CCBDD6 /* Production.xcconfig */;
			buildSettings = {
				ALWAYS_SEARCH_USER_PATHS = NO;
				CLANG_ANALYZER_NONNULL = YES;
				CLANG_ANALYZER_NUMBER_OBJECT_CONVERSION = YES_AGGRESSIVE;
				CLANG_CXX_LANGUAGE_STANDARD = "gnu++14";
				CLANG_CXX_LIBRARY = "libc++";
				CLANG_ENABLE_MODULES = YES;
				CLANG_ENABLE_OBJC_ARC = YES;
				CLANG_ENABLE_OBJC_WEAK = YES;
				CLANG_WARN_BLOCK_CAPTURE_AUTORELEASING = YES;
				CLANG_WARN_BOOL_CONVERSION = YES;
				CLANG_WARN_COMMA = YES;
				CLANG_WARN_CONSTANT_CONVERSION = YES;
				CLANG_WARN_DEPRECATED_OBJC_IMPLEMENTATIONS = YES;
				CLANG_WARN_DIRECT_OBJC_ISA_USAGE = YES_ERROR;
				CLANG_WARN_DOCUMENTATION_COMMENTS = YES;
				CLANG_WARN_EMPTY_BODY = YES;
				CLANG_WARN_ENUM_CONVERSION = YES;
				CLANG_WARN_INFINITE_RECURSION = YES;
				CLANG_WARN_INT_CONVERSION = YES;
				CLANG_WARN_NON_LITERAL_NULL_CONVERSION = YES;
				CLANG_WARN_OBJC_IMPLICIT_RETAIN_SELF = YES;
				CLANG_WARN_OBJC_LITERAL_CONVERSION = YES;
				CLANG_WARN_OBJC_ROOT_CLASS = YES_ERROR;
				CLANG_WARN_QUOTED_INCLUDE_IN_FRAMEWORK_HEADER = YES;
				CLANG_WARN_RANGE_LOOP_ANALYSIS = YES;
				CLANG_WARN_STRICT_PROTOTYPES = YES;
				CLANG_WARN_SUSPICIOUS_MOVE = YES;
				CLANG_WARN_UNGUARDED_AVAILABILITY = YES_AGGRESSIVE;
				CLANG_WARN_UNREACHABLE_CODE = YES;
				CLANG_WARN__DUPLICATE_METHOD_MATCH = YES;
				COPY_PHASE_STRIP = NO;
				DEBUG_INFORMATION_FORMAT = "dwarf-with-dsym";
				ENABLE_NS_ASSERTIONS = NO;
				ENABLE_STRICT_OBJC_MSGSEND = YES;
				GCC_C_LANGUAGE_STANDARD = gnu11;
				GCC_NO_COMMON_BLOCKS = YES;
				GCC_WARN_64_TO_32_BIT_CONVERSION = YES;
				GCC_WARN_ABOUT_RETURN_TYPE = YES_ERROR;
				GCC_WARN_UNDECLARED_SELECTOR = YES;
				GCC_WARN_UNINITIALIZED_AUTOS = YES_AGGRESSIVE;
				GCC_WARN_UNUSED_FUNCTION = YES;
				GCC_WARN_UNUSED_VARIABLE = YES;
				MTL_ENABLE_DEBUG_INFO = NO;
				MTL_FAST_MATH = YES;
				SDKROOT = iphoneos;
				SWIFT_COMPILATION_MODE = wholemodule;
				SWIFT_OPTIMIZATION_LEVEL = "-O";
				VALIDATE_PRODUCT = YES;
			};
			name = Release;
		};
		F7B7CEC9257C005D00E43882 /* Debug */ = {
			isa = XCBuildConfiguration;
			buildSettings = {
				ASSETCATALOG_COMPILER_COMPLICATION_NAME = Complication;
				CODE_SIGN_STYLE = Automatic;
				DEVELOPMENT_ASSET_PATHS = "\"hrate WatchKit Extension/Preview Content\"";
				DEVELOPMENT_TEAM = F698675JBS;
				ENABLE_PREVIEWS = YES;
				INFOPLIST_FILE = "hrate WatchKit Extension/Info.plist";
				LD_RUNPATH_SEARCH_PATHS = (
					"$(inherited)",
					"@executable_path/Frameworks",
					"@executable_path/../../Frameworks",
				);
				PRODUCT_BUNDLE_IDENTIFIER = "${APP_BUNDLE_ID}.watchkitapp.watchkitextension";
				PRODUCT_NAME = "${TARGET_NAME}";
				SDKROOT = watchos;
				SKIP_INSTALL = YES;
				SWIFT_VERSION = 5.0;
				TARGETED_DEVICE_FAMILY = 4;
				WATCHOS_DEPLOYMENT_TARGET = 7.1;
			};
			name = Debug;
		};
		F7B7CECA257C005D00E43882 /* Release */ = {
			isa = XCBuildConfiguration;
			buildSettings = {
				ASSETCATALOG_COMPILER_COMPLICATION_NAME = Complication;
				CODE_SIGN_STYLE = Automatic;
				DEVELOPMENT_ASSET_PATHS = "\"hrate WatchKit Extension/Preview Content\"";
				DEVELOPMENT_TEAM = F698675JBS;
				ENABLE_PREVIEWS = YES;
				INFOPLIST_FILE = "hrate WatchKit Extension/Info.plist";
				LD_RUNPATH_SEARCH_PATHS = (
					"$(inherited)",
					"@executable_path/Frameworks",
					"@executable_path/../../Frameworks",
				);
				PRODUCT_BUNDLE_IDENTIFIER = "${APP_BUNDLE_ID}.watchkitapp.watchkitextension";
				PRODUCT_NAME = "${TARGET_NAME}";
				SDKROOT = watchos;
				SKIP_INSTALL = YES;
				SWIFT_VERSION = 5.0;
				TARGETED_DEVICE_FAMILY = 4;
				WATCHOS_DEPLOYMENT_TARGET = 7.1;
			};
			name = Release;
		};
		F7B7CECD257C005D00E43882 /* Debug */ = {
			isa = XCBuildConfiguration;
			buildSettings = {
				ALWAYS_EMBED_SWIFT_STANDARD_LIBRARIES = YES;
				ASSETCATALOG_COMPILER_APPICON_NAME = AppIcon;
				ASSETCATALOG_COMPILER_GLOBAL_ACCENT_COLOR_NAME = AccentColor;
				CODE_SIGN_STYLE = Automatic;
				DEVELOPMENT_TEAM = F698675JBS;
				IBSC_MODULE = hrate_WatchKit_Extension;
				INFOPLIST_FILE = "hrate WatchKit App/Info.plist";
				PRODUCT_BUNDLE_IDENTIFIER = "${APP_BUNDLE_ID}.watchkitapp";
				PRODUCT_NAME = "$(TARGET_NAME)";
				SDKROOT = watchos;
				SKIP_INSTALL = YES;
				SWIFT_VERSION = 5.0;
				TARGETED_DEVICE_FAMILY = 4;
				WATCHOS_DEPLOYMENT_TARGET = 7.1;
			};
			name = Debug;
		};
		F7B7CECE257C005D00E43882 /* Release */ = {
			isa = XCBuildConfiguration;
			buildSettings = {
				ALWAYS_EMBED_SWIFT_STANDARD_LIBRARIES = YES;
				ASSETCATALOG_COMPILER_APPICON_NAME = AppIcon;
				ASSETCATALOG_COMPILER_GLOBAL_ACCENT_COLOR_NAME = AccentColor;
				CODE_SIGN_STYLE = Automatic;
				DEVELOPMENT_TEAM = F698675JBS;
				IBSC_MODULE = hrate_WatchKit_Extension;
				INFOPLIST_FILE = "hrate WatchKit App/Info.plist";
				PRODUCT_BUNDLE_IDENTIFIER = "${APP_BUNDLE_ID}.watchkitapp";
				PRODUCT_NAME = "$(TARGET_NAME)";
				SDKROOT = watchos;
				SKIP_INSTALL = YES;
				SWIFT_VERSION = 5.0;
				TARGETED_DEVICE_FAMILY = 4;
				WATCHOS_DEPLOYMENT_TARGET = 7.1;
			};
			name = Release;
		};
		F7B7CED1257C005D00E43882 /* Debug */ = {
			isa = XCBuildConfiguration;
			buildSettings = {
				CLANG_ENABLE_MODULES = YES;
				CODE_SIGN_STYLE = Automatic;
				CURRENT_PROJECT_VERSION = 1;
				DEVELOPMENT_TEAM = F698675JBS;
				LD_RUNPATH_SEARCH_PATHS = (
					"$(inherited)",
					"@executable_path/Frameworks",
					"@loader_path/Frameworks",
				);
				MARKETING_VERSION = 1.0;
				PRODUCT_BUNDLE_IDENTIFIER = "${APP_BUNDLE_ID}";
				PRODUCT_NAME = "$(TARGET_NAME)";
				SWIFT_OBJC_BRIDGING_HEADER = "hrate WatchKit App/hrate-Bridging-Header.h";
				SWIFT_OPTIMIZATION_LEVEL = "-Onone";
				SWIFT_VERSION = 5.0;
			};
			name = Debug;
		};
		F7B7CED2257C005D00E43882 /* Release */ = {
			isa = XCBuildConfiguration;
			buildSettings = {
				CLANG_ENABLE_MODULES = YES;
				CODE_SIGN_STYLE = Automatic;
				CURRENT_PROJECT_VERSION = 1;
				DEVELOPMENT_TEAM = F698675JBS;
				LD_RUNPATH_SEARCH_PATHS = (
					"$(inherited)",
					"@executable_path/Frameworks",
					"@loader_path/Frameworks",
				);
				MARKETING_VERSION = 1.0;
				PRODUCT_BUNDLE_IDENTIFIER = "${APP_BUNDLE_ID}";
				PRODUCT_NAME = "$(TARGET_NAME)";
				SWIFT_OBJC_BRIDGING_HEADER = "hrate WatchKit App/hrate-Bridging-Header.h";
				SWIFT_VERSION = 5.0;
			};
			name = Release;
		};
/* End XCBuildConfiguration section */

/* Begin XCConfigurationList section */
		F7B7CEA2257C005800E43882 /* Build configuration list for PBXProject "hrate" */ = {
			isa = XCConfigurationList;
			buildConfigurations = (
				F7B7CEC6257C005D00E43882 /* Debug */,
				F7B7CEC7257C005D00E43882 /* Release */,
			);
			defaultConfigurationIsVisible = 0;
			defaultConfigurationName = Release;
		};
		F7B7CEC8257C005D00E43882 /* Build configuration list for PBXNativeTarget "hrate WatchKit Extension" */ = {
			isa = XCConfigurationList;
			buildConfigurations = (
				F7B7CEC9257C005D00E43882 /* Debug */,
				F7B7CECA257C005D00E43882 /* Release */,
			);
			defaultConfigurationIsVisible = 0;
			defaultConfigurationName = Release;
		};
		F7B7CECC257C005D00E43882 /* Build configuration list for PBXNativeTarget "hrate WatchKit App" */ = {
			isa = XCConfigurationList;
			buildConfigurations = (
				F7B7CECD257C005D00E43882 /* Debug */,
				F7B7CECE257C005D00E43882 /* Release */,
			);
			defaultConfigurationIsVisible = 0;
			defaultConfigurationName = Release;
		};
		F7B7CED0257C005D00E43882 /* Build configuration list for PBXNativeTarget "hrate" */ = {
			isa = XCConfigurationList;
			buildConfigurations = (
				F7B7CED1257C005D00E43882 /* Debug */,
				F7B7CED2257C005D00E43882 /* Release */,
			);
			defaultConfigurationIsVisible = 0;
			defaultConfigurationName = Release;
		};
/* End XCConfigurationList section */

/* Begin XCRemoteSwiftPackageReference section */
		F7B7CEE0257C018400E43882 /* XCRemoteSwiftPackageReference "socket" */ = {
			isa = XCRemoteSwiftPackageReference;
			repositoryURL = "https://github.com/socketio/socket.io-client-swift";
			requirement = {
				kind = upToNextMajorVersion;
				minimumVersion = 15.2.0;
			};
		};
/* End XCRemoteSwiftPackageReference section */

/* Begin XCSwiftPackageProductDependency section */
		F7B7CEE1257C018400E43882 /* SocketIO */ = {
			isa = XCSwiftPackageProductDependency;
			package = F7B7CEE0257C018400E43882 /* XCRemoteSwiftPackageReference "socket" */;
			productName = SocketIO;
		};
/* End XCSwiftPackageProductDependency section */
	};
	rootObject = F7B7CE9F257C005800E43882 /* Project object */;
}
