// !$*UTF8*$!
{
	archiveVersion = 1;
	classes = {
	};
	objectVersion = 52;
	objects = {

/* Begin PBXBuildFile section */
		F758540E2674FCDD0071B08D /* HRateMessage.swift in Sources */ = {isa = PBXBuildFile; fileRef = F758540D2674FCDD0071B08D /* HRateMessage.swift */; };
		F766C4AD25C712A5001D1E43 /* WorkoutManager.swift in Sources */ = {isa = PBXBuildFile; fileRef = F766C4AC25C712A5001D1E43 /* WorkoutManager.swift */; };
		F78761CE25ACDA7400CCBDD6 /* Environment.swift in Sources */ = {isa = PBXBuildFile; fileRef = F78761CD25ACD9D300CCBDD6 /* Environment.swift */; };
		F787620D25ACE7BA00CCBDD6 /* Session.swift in Sources */ = {isa = PBXBuildFile; fileRef = F787620825ACE4E200CCBDD6 /* Session.swift */; };
		F7898F2B267161BD00FA6FE2 /* TabAView.swift in Sources */ = {isa = PBXBuildFile; fileRef = F7898F2A267161BD00FA6FE2 /* TabAView.swift */; };
		F7898F2D2671652900FA6FE2 /* TabBView.swift in Sources */ = {isa = PBXBuildFile; fileRef = F7898F2C2671652900FA6FE2 /* TabBView.swift */; };
		F797A70C2678A048004FE57E /* hrateApp.swift in Sources */ = {isa = PBXBuildFile; fileRef = F797A70B2678A048004FE57E /* hrateApp.swift */; };
		F797A70E2678A048004FE57E /* ContentView.swift in Sources */ = {isa = PBXBuildFile; fileRef = F797A70D2678A048004FE57E /* ContentView.swift */; };
		F797A7102678A049004FE57E /* Assets.xcassets in Resources */ = {isa = PBXBuildFile; fileRef = F797A70F2678A049004FE57E /* Assets.xcassets */; };
		F797A7132678A049004FE57E /* Preview Assets.xcassets in Resources */ = {isa = PBXBuildFile; fileRef = F797A7122678A049004FE57E /* Preview Assets.xcassets */; };
		F797A71E2678A049004FE57E /* hrateTests.swift in Sources */ = {isa = PBXBuildFile; fileRef = F797A71D2678A049004FE57E /* hrateTests.swift */; };
		F797A7292678A049004FE57E /* hrateUITests.swift in Sources */ = {isa = PBXBuildFile; fileRef = F797A7282678A049004FE57E /* hrateUITests.swift */; };
		F797A7652678FC3F004FE57E /* BonjourService.swift in Sources */ = {isa = PBXBuildFile; fileRef = F797A7642678FC3F004FE57E /* BonjourService.swift */; };
		F797A768267A2457004FE57E /* WatchService.swift in Sources */ = {isa = PBXBuildFile; fileRef = F797A767267A2457004FE57E /* WatchService.swift */; };
		F7B059AA2680D3DC00438A42 /* ConnectionStatusView.swift in Sources */ = {isa = PBXBuildFile; fileRef = F7B059A92680D3DC00438A42 /* ConnectionStatusView.swift */; };
		F7B1D47625A737D30051DA10 /* ContentViewModel.swift in Sources */ = {isa = PBXBuildFile; fileRef = F7B1D47525A737D30051DA10 /* ContentViewModel.swift */; };
		F7B7CEAF257C005B00E43882 /* Assets.xcassets in Resources */ = {isa = PBXBuildFile; fileRef = F7B7CEAE257C005B00E43882 /* Assets.xcassets */; };
		F7B7CEB6257C005C00E43882 /* HRate WatchKit Extension.appex in Embed App Extensions */ = {isa = PBXBuildFile; fileRef = F7B7CEB5257C005C00E43882 /* HRate WatchKit Extension.appex */; settings = {ATTRIBUTES = (RemoveHeadersOnCopy, ); }; };
		F7B7CEBB257C005C00E43882 /* ContentView.swift in Sources */ = {isa = PBXBuildFile; fileRef = F7B7CEBA257C005C00E43882 /* ContentView.swift */; };
		F7B7CEBD257C005C00E43882 /* HRateApp.swift in Sources */ = {isa = PBXBuildFile; fileRef = F7B7CEBC257C005C00E43882 /* HRateApp.swift */; };
		F7B7CEBF257C005C00E43882 /* ComplicationController.swift in Sources */ = {isa = PBXBuildFile; fileRef = F7B7CEBE257C005C00E43882 /* ComplicationController.swift */; };
		F7B7CEC1257C005D00E43882 /* Assets.xcassets in Resources */ = {isa = PBXBuildFile; fileRef = F7B7CEC0257C005D00E43882 /* Assets.xcassets */; };
		F7B7CEC4257C005D00E43882 /* Preview Assets.xcassets in Resources */ = {isa = PBXBuildFile; fileRef = F7B7CEC3257C005D00E43882 /* Preview Assets.xcassets */; };
		F7B7CEE2257C018400E43882 /* SocketIO in Frameworks */ = {isa = PBXBuildFile; productRef = F7B7CEE1257C018400E43882 /* SocketIO */; };
		F7B9A4B525B629B80070FE67 /* HealthKit.framework in Frameworks */ = {isa = PBXBuildFile; fileRef = F7B9A4B425B629B80070FE67 /* HealthKit.framework */; };
		F7C91CBD267A3AC800BAF039 /* HRate WatchKit App.app in Embed Watch Content */ = {isa = PBXBuildFile; fileRef = F7B7CEA9257C005900E43882 /* HRate WatchKit App.app */; settings = {ATTRIBUTES = (RemoveHeadersOnCopy, ); }; };
		F7C941CE267A2C81000C42AF /* WatchService.swift in Sources */ = {isa = PBXBuildFile; fileRef = F7C941CD267A2C81000C42AF /* WatchService.swift */; };
		F7C972A225CDC4E7004DE62C /* StartView.swift in Sources */ = {isa = PBXBuildFile; fileRef = F7C972A125CDC4E7004DE62C /* StartView.swift */; };
		F7C972A725CDD5CA004DE62C /* RunButton.swift in Sources */ = {isa = PBXBuildFile; fileRef = F7C972A625CDD5CA004DE62C /* RunButton.swift */; };
/* End PBXBuildFile section */

/* Begin PBXContainerItemProxy section */
		F797A71A2678A049004FE57E /* PBXContainerItemProxy */ = {
			isa = PBXContainerItemProxy;
			containerPortal = F7B7CE9F257C005800E43882 /* Project object */;
			proxyType = 1;
			remoteGlobalIDString = F797A7082678A048004FE57E;
			remoteInfo = hrate;
		};
		F797A7252678A049004FE57E /* PBXContainerItemProxy */ = {
			isa = PBXContainerItemProxy;
			containerPortal = F7B7CE9F257C005800E43882 /* Project object */;
			proxyType = 1;
			remoteGlobalIDString = F797A7082678A048004FE57E;
			remoteInfo = hrate;
		};
		F7B7CEB7257C005C00E43882 /* PBXContainerItemProxy */ = {
			isa = PBXContainerItemProxy;
			containerPortal = F7B7CE9F257C005800E43882 /* Project object */;
			proxyType = 1;
			remoteGlobalIDString = F7B7CEB4257C005C00E43882;
			remoteInfo = "hrate WatchKit Extension";
		};
		F7C91CBE267A3AC800BAF039 /* PBXContainerItemProxy */ = {
			isa = PBXContainerItemProxy;
			containerPortal = F7B7CE9F257C005800E43882 /* Project object */;
			proxyType = 1;
			remoteGlobalIDString = F7B7CEA8257C005900E43882;
			remoteInfo = "HRate WatchKit App";
		};
/* End PBXContainerItemProxy section */

/* Begin PBXCopyFilesBuildPhase section */
		F7B7CECB257C005D00E43882 /* Embed App Extensions */ = {
			isa = PBXCopyFilesBuildPhase;
			buildActionMask = 2147483647;
			dstPath = "";
			dstSubfolderSpec = 13;
			files = (
				F7B7CEB6257C005C00E43882 /* HRate WatchKit Extension.appex in Embed App Extensions */,
			);
			name = "Embed App Extensions";
			runOnlyForDeploymentPostprocessing = 0;
		};
		F7C91CC0267A3AC800BAF039 /* Embed Watch Content */ = {
			isa = PBXCopyFilesBuildPhase;
			buildActionMask = 2147483647;
			dstPath = "$(CONTENTS_FOLDER_PATH)/Watch";
			dstSubfolderSpec = 16;
			files = (
				F7C91CBD267A3AC800BAF039 /* HRate WatchKit App.app in Embed Watch Content */,
			);
			name = "Embed Watch Content";
			runOnlyForDeploymentPostprocessing = 0;
		};
/* End PBXCopyFilesBuildPhase section */

/* Begin PBXFileReference section */
		F758540D2674FCDD0071B08D /* HRateMessage.swift */ = {isa = PBXFileReference; lastKnownFileType = sourcecode.swift; path = HRateMessage.swift; sourceTree = "<group>"; };
		F766C4AC25C712A5001D1E43 /* WorkoutManager.swift */ = {isa = PBXFileReference; lastKnownFileType = sourcecode.swift; path = WorkoutManager.swift; sourceTree = "<group>"; };
		F78761C125ACD72600CCBDD6 /* Development.xcconfig */ = {isa = PBXFileReference; lastKnownFileType = text.xcconfig; path = Development.xcconfig; sourceTree = "<group>"; };
		F78761C225ACD8D300CCBDD6 /* Production.xcconfig */ = {isa = PBXFileReference; lastKnownFileType = text.xcconfig; path = Production.xcconfig; sourceTree = "<group>"; };
		F78761CD25ACD9D300CCBDD6 /* Environment.swift */ = {isa = PBXFileReference; lastKnownFileType = sourcecode.swift; path = Environment.swift; sourceTree = "<group>"; };
		F787620825ACE4E200CCBDD6 /* Session.swift */ = {isa = PBXFileReference; lastKnownFileType = sourcecode.swift; path = Session.swift; sourceTree = "<group>"; };
		F7898F2A267161BD00FA6FE2 /* TabAView.swift */ = {isa = PBXFileReference; lastKnownFileType = sourcecode.swift; path = TabAView.swift; sourceTree = "<group>"; };
		F7898F2C2671652900FA6FE2 /* TabBView.swift */ = {isa = PBXFileReference; lastKnownFileType = sourcecode.swift; path = TabBView.swift; sourceTree = "<group>"; };
		F797A7092678A048004FE57E /* hrate.app */ = {isa = PBXFileReference; explicitFileType = wrapper.application; includeInIndex = 0; path = hrate.app; sourceTree = BUILT_PRODUCTS_DIR; };
		F797A70B2678A048004FE57E /* hrateApp.swift */ = {isa = PBXFileReference; lastKnownFileType = sourcecode.swift; path = hrateApp.swift; sourceTree = "<group>"; };
		F797A70D2678A048004FE57E /* ContentView.swift */ = {isa = PBXFileReference; lastKnownFileType = sourcecode.swift; path = ContentView.swift; sourceTree = "<group>"; };
		F797A70F2678A049004FE57E /* Assets.xcassets */ = {isa = PBXFileReference; lastKnownFileType = folder.assetcatalog; path = Assets.xcassets; sourceTree = "<group>"; };
		F797A7122678A049004FE57E /* Preview Assets.xcassets */ = {isa = PBXFileReference; lastKnownFileType = folder.assetcatalog; path = "Preview Assets.xcassets"; sourceTree = "<group>"; };
		F797A7142678A049004FE57E /* Info.plist */ = {isa = PBXFileReference; lastKnownFileType = text.plist.xml; path = Info.plist; sourceTree = "<group>"; };
		F797A7192678A049004FE57E /* hrateTests.xctest */ = {isa = PBXFileReference; explicitFileType = wrapper.cfbundle; includeInIndex = 0; path = hrateTests.xctest; sourceTree = BUILT_PRODUCTS_DIR; };
		F797A71D2678A049004FE57E /* hrateTests.swift */ = {isa = PBXFileReference; lastKnownFileType = sourcecode.swift; path = hrateTests.swift; sourceTree = "<group>"; };
		F797A71F2678A049004FE57E /* Info.plist */ = {isa = PBXFileReference; lastKnownFileType = text.plist.xml; path = Info.plist; sourceTree = "<group>"; };
		F797A7242678A049004FE57E /* hrateUITests.xctest */ = {isa = PBXFileReference; explicitFileType = wrapper.cfbundle; includeInIndex = 0; path = hrateUITests.xctest; sourceTree = BUILT_PRODUCTS_DIR; };
		F797A7282678A049004FE57E /* hrateUITests.swift */ = {isa = PBXFileReference; lastKnownFileType = sourcecode.swift; path = hrateUITests.swift; sourceTree = "<group>"; };
		F797A72A2678A049004FE57E /* Info.plist */ = {isa = PBXFileReference; lastKnownFileType = text.plist.xml; path = Info.plist; sourceTree = "<group>"; };
		F797A7642678FC3F004FE57E /* BonjourService.swift */ = {isa = PBXFileReference; lastKnownFileType = sourcecode.swift; path = BonjourService.swift; sourceTree = "<group>"; };
		F797A767267A2457004FE57E /* WatchService.swift */ = {isa = PBXFileReference; lastKnownFileType = sourcecode.swift; path = WatchService.swift; sourceTree = "<group>"; };
		F7B059A92680D3DC00438A42 /* ConnectionStatusView.swift */ = {isa = PBXFileReference; lastKnownFileType = sourcecode.swift; path = ConnectionStatusView.swift; sourceTree = "<group>"; };
		F7B1D47525A737D30051DA10 /* ContentViewModel.swift */ = {isa = PBXFileReference; lastKnownFileType = sourcecode.swift; path = ContentViewModel.swift; sourceTree = "<group>"; };
		F7B7CEA9257C005900E43882 /* HRate WatchKit App.app */ = {isa = PBXFileReference; explicitFileType = wrapper.application; includeInIndex = 0; path = "HRate WatchKit App.app"; sourceTree = BUILT_PRODUCTS_DIR; };
		F7B7CEAE257C005B00E43882 /* Assets.xcassets */ = {isa = PBXFileReference; lastKnownFileType = folder.assetcatalog; path = Assets.xcassets; sourceTree = "<group>"; };
		F7B7CEB0257C005B00E43882 /* Info.plist */ = {isa = PBXFileReference; lastKnownFileType = text.plist.xml; path = Info.plist; sourceTree = "<group>"; };
		F7B7CEB5257C005C00E43882 /* HRate WatchKit Extension.appex */ = {isa = PBXFileReference; explicitFileType = "wrapper.app-extension"; includeInIndex = 0; path = "HRate WatchKit Extension.appex"; sourceTree = BUILT_PRODUCTS_DIR; };
		F7B7CEBA257C005C00E43882 /* ContentView.swift */ = {isa = PBXFileReference; lastKnownFileType = sourcecode.swift; path = ContentView.swift; sourceTree = "<group>"; };
		F7B7CEBC257C005C00E43882 /* HRateApp.swift */ = {isa = PBXFileReference; lastKnownFileType = sourcecode.swift; path = HRateApp.swift; sourceTree = "<group>"; };
		F7B7CEBE257C005C00E43882 /* ComplicationController.swift */ = {isa = PBXFileReference; lastKnownFileType = sourcecode.swift; path = ComplicationController.swift; sourceTree = "<group>"; };
		F7B7CEC0257C005D00E43882 /* Assets.xcassets */ = {isa = PBXFileReference; lastKnownFileType = folder.assetcatalog; path = Assets.xcassets; sourceTree = "<group>"; };
		F7B7CEC3257C005D00E43882 /* Preview Assets.xcassets */ = {isa = PBXFileReference; lastKnownFileType = folder.assetcatalog; path = "Preview Assets.xcassets"; sourceTree = "<group>"; };
		F7B7CEC5257C005D00E43882 /* Info.plist */ = {isa = PBXFileReference; lastKnownFileType = text.plist.xml; path = Info.plist; sourceTree = "<group>"; };
		F7B9A4B225B629B80070FE67 /* hrate WatchKit Extension.entitlements */ = {isa = PBXFileReference; lastKnownFileType = text.plist.entitlements; path = "hrate WatchKit Extension.entitlements"; sourceTree = "<group>"; };
		F7B9A4B425B629B80070FE67 /* HealthKit.framework */ = {isa = PBXFileReference; lastKnownFileType = wrapper.framework; name = HealthKit.framework; path = Platforms/WatchOS.platform/Developer/SDKs/WatchOS7.2.sdk/System/Library/Frameworks/HealthKit.framework; sourceTree = DEVELOPER_DIR; };
		F7C941CD267A2C81000C42AF /* WatchService.swift */ = {isa = PBXFileReference; lastKnownFileType = sourcecode.swift; path = WatchService.swift; sourceTree = "<group>"; };
		F7C972A125CDC4E7004DE62C /* StartView.swift */ = {isa = PBXFileReference; lastKnownFileType = sourcecode.swift; path = StartView.swift; sourceTree = "<group>"; };
		F7C972A625CDD5CA004DE62C /* RunButton.swift */ = {isa = PBXFileReference; lastKnownFileType = sourcecode.swift; path = RunButton.swift; sourceTree = "<group>"; };
/* End PBXFileReference section */

/* Begin PBXFrameworksBuildPhase section */
		F797A7062678A048004FE57E /* Frameworks */ = {
			isa = PBXFrameworksBuildPhase;
			buildActionMask = 2147483647;
			files = (
			);
			runOnlyForDeploymentPostprocessing = 0;
		};
		F797A7162678A049004FE57E /* Frameworks */ = {
			isa = PBXFrameworksBuildPhase;
			buildActionMask = 2147483647;
			files = (
			);
			runOnlyForDeploymentPostprocessing = 0;
		};
		F797A7212678A049004FE57E /* Frameworks */ = {
			isa = PBXFrameworksBuildPhase;
			buildActionMask = 2147483647;
			files = (
			);
			runOnlyForDeploymentPostprocessing = 0;
		};
		F7B7CEB2257C005C00E43882 /* Frameworks */ = {
			isa = PBXFrameworksBuildPhase;
			buildActionMask = 2147483647;
			files = (
				F7B7CEE2257C018400E43882 /* SocketIO in Frameworks */,
				F7B9A4B525B629B80070FE67 /* HealthKit.framework in Frameworks */,
			);
			runOnlyForDeploymentPostprocessing = 0;
		};
/* End PBXFrameworksBuildPhase section */

/* Begin PBXGroup section */
		F78761C325ACD8E600CCBDD6 /* Config */ = {
			isa = PBXGroup;
			children = (
				F78761C125ACD72600CCBDD6 /* Development.xcconfig */,
				F78761C225ACD8D300CCBDD6 /* Production.xcconfig */,
				F78761CD25ACD9D300CCBDD6 /* Environment.swift */,
			);
			path = Config;
			sourceTree = "<group>";
		};
		F787620925ACE4E900CCBDD6 /* Model */ = {
			isa = PBXGroup;
			children = (
				F787620825ACE4E200CCBDD6 /* Session.swift */,
				F758540D2674FCDD0071B08D /* HRateMessage.swift */,
			);
			path = Model;
			sourceTree = "<group>";
		};
		F797A70A2678A048004FE57E /* hrate */ = {
			isa = PBXGroup;
			children = (
				F797A766267A2016004FE57E /* Components */,
				F797A70B2678A048004FE57E /* hrateApp.swift */,
				F797A70D2678A048004FE57E /* ContentView.swift */,
				F797A70F2678A049004FE57E /* Assets.xcassets */,
				F797A7142678A049004FE57E /* Info.plist */,
				F797A7112678A049004FE57E /* Preview Content */,
				F797A7642678FC3F004FE57E /* BonjourService.swift */,
				F797A767267A2457004FE57E /* WatchService.swift */,
			);
			path = hrate;
			sourceTree = "<group>";
		};
		F797A7112678A049004FE57E /* Preview Content */ = {
			isa = PBXGroup;
			children = (
				F797A7122678A049004FE57E /* Preview Assets.xcassets */,
			);
			path = "Preview Content";
			sourceTree = "<group>";
		};
		F797A71C2678A049004FE57E /* hrateTests */ = {
			isa = PBXGroup;
			children = (
				F797A71D2678A049004FE57E /* hrateTests.swift */,
				F797A71F2678A049004FE57E /* Info.plist */,
			);
			path = hrateTests;
			sourceTree = "<group>";
		};
		F797A7272678A049004FE57E /* hrateUITests */ = {
			isa = PBXGroup;
			children = (
				F797A7282678A049004FE57E /* hrateUITests.swift */,
				F797A72A2678A049004FE57E /* Info.plist */,
			);
			path = hrateUITests;
			sourceTree = "<group>";
		};
		F797A766267A2016004FE57E /* Components */ = {
			isa = PBXGroup;
			children = (
			);
			path = Components;
			sourceTree = "<group>";
		};
		F7B7CE9E257C005800E43882 = {
			isa = PBXGroup;
			children = (
				F787620925ACE4E900CCBDD6 /* Model */,
				F78761C325ACD8E600CCBDD6 /* Config */,
				F797A70A2678A048004FE57E /* hrate */,
				F7B7CEAD257C005900E43882 /* HRate WatchKit App */,
				F7B7CEB9257C005C00E43882 /* HRate WatchKit Extension */,
				F797A71C2678A049004FE57E /* hrateTests */,
				F797A7272678A049004FE57E /* hrateUITests */,
				F7B7CEA6257C005800E43882 /* Products */,
				F7B9A4B325B629B80070FE67 /* Frameworks */,
			);
			sourceTree = "<group>";
		};
		F7B7CEA6257C005800E43882 /* Products */ = {
			isa = PBXGroup;
			children = (
				F7B7CEA9257C005900E43882 /* HRate WatchKit App.app */,
				F7B7CEB5257C005C00E43882 /* HRate WatchKit Extension.appex */,
				F797A7092678A048004FE57E /* hrate.app */,
				F797A7192678A049004FE57E /* hrateTests.xctest */,
				F797A7242678A049004FE57E /* hrateUITests.xctest */,
			);
			name = Products;
			sourceTree = "<group>";
		};
		F7B7CEAD257C005900E43882 /* HRate WatchKit App */ = {
			isa = PBXGroup;
			children = (
				F7B7CEAE257C005B00E43882 /* Assets.xcassets */,
				F7B7CEB0257C005B00E43882 /* Info.plist */,
			);
			path = "HRate WatchKit App";
			sourceTree = "<group>";
		};
		F7B7CEB9257C005C00E43882 /* HRate WatchKit Extension */ = {
			isa = PBXGroup;
			children = (
				F7B9A4B225B629B80070FE67 /* hrate WatchKit Extension.entitlements */,
				F7B1D47525A737D30051DA10 /* ContentViewModel.swift */,
				F766C4AC25C712A5001D1E43 /* WorkoutManager.swift */,
				F7B7CEBA257C005C00E43882 /* ContentView.swift */,
				F7898F2A267161BD00FA6FE2 /* TabAView.swift */,
				F7898F2C2671652900FA6FE2 /* TabBView.swift */,
				F7B7CEBC257C005C00E43882 /* HRateApp.swift */,
				F7B7CEBE257C005C00E43882 /* ComplicationController.swift */,
				F7B7CEC0257C005D00E43882 /* Assets.xcassets */,
				F7B7CEC5257C005D00E43882 /* Info.plist */,
				F7B7CEC2257C005D00E43882 /* Preview Content */,
				F7C972A125CDC4E7004DE62C /* StartView.swift */,
				F7C972A625CDD5CA004DE62C /* RunButton.swift */,
				F7C941CD267A2C81000C42AF /* WatchService.swift */,
				F7B059A92680D3DC00438A42 /* ConnectionStatusView.swift */,
			);
			path = "HRate WatchKit Extension";
			sourceTree = "<group>";
		};
		F7B7CEC2257C005D00E43882 /* Preview Content */ = {
			isa = PBXGroup;
			children = (
				F7B7CEC3257C005D00E43882 /* Preview Assets.xcassets */,
			);
			path = "Preview Content";
			sourceTree = "<group>";
		};
		F7B9A4B325B629B80070FE67 /* Frameworks */ = {
			isa = PBXGroup;
			children = (
				F7B9A4B425B629B80070FE67 /* HealthKit.framework */,
			);
			name = Frameworks;
			sourceTree = "<group>";
		};
/* End PBXGroup section */

/* Begin PBXNativeTarget section */
		F797A7082678A048004FE57E /* hrate */ = {
			isa = PBXNativeTarget;
			buildConfigurationList = F797A72B2678A049004FE57E /* Build configuration list for PBXNativeTarget "hrate" */;
			buildPhases = (
				F797A7052678A048004FE57E /* Sources */,
				F797A7062678A048004FE57E /* Frameworks */,
				F797A7072678A048004FE57E /* Resources */,
				F7C91CC0267A3AC800BAF039 /* Embed Watch Content */,
			);
			buildRules = (
			);
			dependencies = (
				F7C91CBF267A3AC800BAF039 /* PBXTargetDependency */,
			);
			name = hrate;
			productName = hrate;
			productReference = F797A7092678A048004FE57E /* hrate.app */;
			productType = "com.apple.product-type.application";
		};
		F797A7182678A049004FE57E /* hrateTests */ = {
			isa = PBXNativeTarget;
			buildConfigurationList = F797A72E2678A049004FE57E /* Build configuration list for PBXNativeTarget "hrateTests" */;
			buildPhases = (
				F797A7152678A049004FE57E /* Sources */,
				F797A7162678A049004FE57E /* Frameworks */,
				F797A7172678A049004FE57E /* Resources */,
			);
			buildRules = (
			);
			dependencies = (
				F797A71B2678A049004FE57E /* PBXTargetDependency */,
			);
			name = hrateTests;
			productName = hrateTests;
			productReference = F797A7192678A049004FE57E /* hrateTests.xctest */;
			productType = "com.apple.product-type.bundle.unit-test";
		};
		F797A7232678A049004FE57E /* hrateUITests */ = {
			isa = PBXNativeTarget;
			buildConfigurationList = F797A7312678A049004FE57E /* Build configuration list for PBXNativeTarget "hrateUITests" */;
			buildPhases = (
				F797A7202678A049004FE57E /* Sources */,
				F797A7212678A049004FE57E /* Frameworks */,
				F797A7222678A049004FE57E /* Resources */,
			);
			buildRules = (
			);
			dependencies = (
				F797A7262678A049004FE57E /* PBXTargetDependency */,
			);
			name = hrateUITests;
			productName = hrateUITests;
			productReference = F797A7242678A049004FE57E /* hrateUITests.xctest */;
			productType = "com.apple.product-type.bundle.ui-testing";
		};
		F7B7CEA8257C005900E43882 /* HRate WatchKit App */ = {
			isa = PBXNativeTarget;
			buildConfigurationList = F7B7CECC257C005D00E43882 /* Build configuration list for PBXNativeTarget "HRate WatchKit App" */;
			buildPhases = (
				F7B7CEA7257C005900E43882 /* Resources */,
				F7B7CECB257C005D00E43882 /* Embed App Extensions */,
			);
			buildRules = (
			);
			dependencies = (
				F7B7CEB8257C005C00E43882 /* PBXTargetDependency */,
			);
			name = "HRate WatchKit App";
			productName = "hrate WatchKit App";
			productReference = F7B7CEA9257C005900E43882 /* HRate WatchKit App.app */;
			productType = "com.apple.product-type.application.watchapp2";
		};
		F7B7CEB4257C005C00E43882 /* HRate WatchKit Extension */ = {
			isa = PBXNativeTarget;
			buildConfigurationList = F7B7CEC8257C005D00E43882 /* Build configuration list for PBXNativeTarget "HRate WatchKit Extension" */;
			buildPhases = (
				F7B7CEB1257C005C00E43882 /* Sources */,
				F7B7CEB2257C005C00E43882 /* Frameworks */,
				F7B7CEB3257C005C00E43882 /* Resources */,
			);
			buildRules = (
			);
			dependencies = (
			);
			name = "HRate WatchKit Extension";
			packageProductDependencies = (
				F7B7CEE1257C018400E43882 /* SocketIO */,
			);
			productName = "hrate WatchKit Extension";
			productReference = F7B7CEB5257C005C00E43882 /* HRate WatchKit Extension.appex */;
			productType = "com.apple.product-type.watchkit2-extension";
		};
/* End PBXNativeTarget section */

/* Begin PBXProject section */
		F7B7CE9F257C005800E43882 /* Project object */ = {
			isa = PBXProject;
			attributes = {
				LastSwiftUpdateCheck = 1250;
				LastUpgradeCheck = 1220;
				TargetAttributes = {
					F797A7082678A048004FE57E = {
						CreatedOnToolsVersion = 12.5;
					};
					F797A7182678A049004FE57E = {
						CreatedOnToolsVersion = 12.5;
						TestTargetID = F797A7082678A048004FE57E;
					};
					F797A7232678A049004FE57E = {
						CreatedOnToolsVersion = 12.5;
						TestTargetID = F797A7082678A048004FE57E;
					};
					F7B7CEA8257C005900E43882 = {
						CreatedOnToolsVersion = 12.2;
					};
					F7B7CEB4257C005C00E43882 = {
						CreatedOnToolsVersion = 12.2;
					};
				};
			};
			buildConfigurationList = F7B7CEA2257C005800E43882 /* Build configuration list for PBXProject "HRate" */;
			compatibilityVersion = "Xcode 9.3";
			developmentRegion = en;
			hasScannedForEncodings = 0;
			knownRegions = (
				en,
				Base,
			);
			mainGroup = F7B7CE9E257C005800E43882;
			packageReferences = (
				F7B7CEE0257C018400E43882 /* XCRemoteSwiftPackageReference "socket" */,
			);
			productRefGroup = F7B7CEA6257C005800E43882 /* Products */;
			projectDirPath = "";
			projectRoot = "";
			targets = (
				F797A7082678A048004FE57E /* hrate */,
				F7B7CEA8257C005900E43882 /* HRate WatchKit App */,
				F7B7CEB4257C005C00E43882 /* HRate WatchKit Extension */,
				F797A7182678A049004FE57E /* hrateTests */,
				F797A7232678A049004FE57E /* hrateUITests */,
			);
		};
/* End PBXProject section */

/* Begin PBXResourcesBuildPhase section */
		F797A7072678A048004FE57E /* Resources */ = {
			isa = PBXResourcesBuildPhase;
			buildActionMask = 2147483647;
			files = (
				F797A7132678A049004FE57E /* Preview Assets.xcassets in Resources */,
				F797A7102678A049004FE57E /* Assets.xcassets in Resources */,
			);
			runOnlyForDeploymentPostprocessing = 0;
		};
		F797A7172678A049004FE57E /* Resources */ = {
			isa = PBXResourcesBuildPhase;
			buildActionMask = 2147483647;
			files = (
			);
			runOnlyForDeploymentPostprocessing = 0;
		};
		F797A7222678A049004FE57E /* Resources */ = {
			isa = PBXResourcesBuildPhase;
			buildActionMask = 2147483647;
			files = (
			);
			runOnlyForDeploymentPostprocessing = 0;
		};
		F7B7CEA7257C005900E43882 /* Resources */ = {
			isa = PBXResourcesBuildPhase;
			buildActionMask = 2147483647;
			files = (
				F7B7CEAF257C005B00E43882 /* Assets.xcassets in Resources */,
			);
			runOnlyForDeploymentPostprocessing = 0;
		};
		F7B7CEB3257C005C00E43882 /* Resources */ = {
			isa = PBXResourcesBuildPhase;
			buildActionMask = 2147483647;
			files = (
				F7B7CEC4257C005D00E43882 /* Preview Assets.xcassets in Resources */,
				F7B7CEC1257C005D00E43882 /* Assets.xcassets in Resources */,
			);
			runOnlyForDeploymentPostprocessing = 0;
		};
/* End PBXResourcesBuildPhase section */

/* Begin PBXSourcesBuildPhase section */
		F797A7052678A048004FE57E /* Sources */ = {
			isa = PBXSourcesBuildPhase;
			buildActionMask = 2147483647;
			files = (
				F797A70E2678A048004FE57E /* ContentView.swift in Sources */,
				F797A768267A2457004FE57E /* WatchService.swift in Sources */,
				F797A7652678FC3F004FE57E /* BonjourService.swift in Sources */,
				F797A70C2678A048004FE57E /* hrateApp.swift in Sources */,
			);
			runOnlyForDeploymentPostprocessing = 0;
		};
		F797A7152678A049004FE57E /* Sources */ = {
			isa = PBXSourcesBuildPhase;
			buildActionMask = 2147483647;
			files = (
				F797A71E2678A049004FE57E /* hrateTests.swift in Sources */,
			);
			runOnlyForDeploymentPostprocessing = 0;
		};
		F797A7202678A049004FE57E /* Sources */ = {
			isa = PBXSourcesBuildPhase;
			buildActionMask = 2147483647;
			files = (
				F797A7292678A049004FE57E /* hrateUITests.swift in Sources */,
			);
			runOnlyForDeploymentPostprocessing = 0;
		};
		F7B7CEB1257C005C00E43882 /* Sources */ = {
			isa = PBXSourcesBuildPhase;
			buildActionMask = 2147483647;
			files = (
				F7B1D47625A737D30051DA10 /* ContentViewModel.swift in Sources */,
				F766C4AD25C712A5001D1E43 /* WorkoutManager.swift in Sources */,
				F758540E2674FCDD0071B08D /* HRateMessage.swift in Sources */,
				F7B7CEBD257C005C00E43882 /* HRateApp.swift in Sources */,
				F7C941CE267A2C81000C42AF /* WatchService.swift in Sources */,
				F7C972A225CDC4E7004DE62C /* StartView.swift in Sources */,
				F7898F2D2671652900FA6FE2 /* TabBView.swift in Sources */,
				F787620D25ACE7BA00CCBDD6 /* Session.swift in Sources */,
				F7B059AA2680D3DC00438A42 /* ConnectionStatusView.swift in Sources */,
				F7B7CEBB257C005C00E43882 /* ContentView.swift in Sources */,
				F7898F2B267161BD00FA6FE2 /* TabAView.swift in Sources */,
				F7C972A725CDD5CA004DE62C /* RunButton.swift in Sources */,
				F7B7CEBF257C005C00E43882 /* ComplicationController.swift in Sources */,
				F78761CE25ACDA7400CCBDD6 /* Environment.swift in Sources */,
			);
			runOnlyForDeploymentPostprocessing = 0;
		};
/* End PBXSourcesBuildPhase section */

/* Begin PBXTargetDependency section */
		F797A71B2678A049004FE57E /* PBXTargetDependency */ = {
			isa = PBXTargetDependency;
			target = F797A7082678A048004FE57E /* hrate */;
			targetProxy = F797A71A2678A049004FE57E /* PBXContainerItemProxy */;
		};
		F797A7262678A049004FE57E /* PBXTargetDependency */ = {
			isa = PBXTargetDependency;
			target = F797A7082678A048004FE57E /* hrate */;
			targetProxy = F797A7252678A049004FE57E /* PBXContainerItemProxy */;
		};
		F7B7CEB8257C005C00E43882 /* PBXTargetDependency */ = {
			isa = PBXTargetDependency;
			target = F7B7CEB4257C005C00E43882 /* HRate WatchKit Extension */;
			targetProxy = F7B7CEB7257C005C00E43882 /* PBXContainerItemProxy */;
		};
		F7C91CBF267A3AC800BAF039 /* PBXTargetDependency */ = {
			isa = PBXTargetDependency;
			target = F7B7CEA8257C005900E43882 /* HRate WatchKit App */;
			targetProxy = F7C91CBE267A3AC800BAF039 /* PBXContainerItemProxy */;
		};
/* End PBXTargetDependency section */

/* Begin XCBuildConfiguration section */
		F797A72C2678A049004FE57E /* Debug */ = {
			isa = XCBuildConfiguration;
			buildSettings = {
				ASSETCATALOG_COMPILER_APPICON_NAME = AppIcon;
				ASSETCATALOG_COMPILER_GLOBAL_ACCENT_COLOR_NAME = AccentColor;
				CODE_SIGN_STYLE = Automatic;
				CURRENT_PROJECT_VERSION = 4;
				DEVELOPMENT_ASSET_PATHS = "\"hrate/Preview Content\"";
				DEVELOPMENT_TEAM = F698675JBS;
				ENABLE_PREVIEWS = YES;
				INFOPLIST_FILE = hrate/Info.plist;
				IPHONEOS_DEPLOYMENT_TARGET = 14.5;
				LD_RUNPATH_SEARCH_PATHS = (
					"$(inherited)",
					"@executable_path/Frameworks",
				);
				PRODUCT_BUNDLE_IDENTIFIER = com.an23lm.hrate;
				PRODUCT_NAME = "$(TARGET_NAME)";
				SWIFT_VERSION = 5.0;
				TARGETED_DEVICE_FAMILY = 1;
			};
			name = Debug;
		};
		F797A72D2678A049004FE57E /* Release */ = {
			isa = XCBuildConfiguration;
			buildSettings = {
				ASSETCATALOG_COMPILER_APPICON_NAME = AppIcon;
				ASSETCATALOG_COMPILER_GLOBAL_ACCENT_COLOR_NAME = AccentColor;
				CODE_SIGN_STYLE = Automatic;
				CURRENT_PROJECT_VERSION = 4;
				DEVELOPMENT_ASSET_PATHS = "\"hrate/Preview Content\"";
				DEVELOPMENT_TEAM = F698675JBS;
				ENABLE_PREVIEWS = YES;
				INFOPLIST_FILE = hrate/Info.plist;
				IPHONEOS_DEPLOYMENT_TARGET = 14.5;
				LD_RUNPATH_SEARCH_PATHS = (
					"$(inherited)",
					"@executable_path/Frameworks",
				);
				PRODUCT_BUNDLE_IDENTIFIER = com.an23lm.hrate;
				PRODUCT_NAME = "$(TARGET_NAME)";
				SWIFT_VERSION = 5.0;
				TARGETED_DEVICE_FAMILY = 1;
			};
			name = Release;
		};
		F797A72F2678A049004FE57E /* Debug */ = {
			isa = XCBuildConfiguration;
			buildSettings = {
				ALWAYS_EMBED_SWIFT_STANDARD_LIBRARIES = YES;
				BUNDLE_LOADER = "$(TEST_HOST)";
				CODE_SIGN_STYLE = Automatic;
				DEVELOPMENT_TEAM = F698675JBS;
				INFOPLIST_FILE = hrateTests/Info.plist;
				IPHONEOS_DEPLOYMENT_TARGET = 14.5;
				LD_RUNPATH_SEARCH_PATHS = (
					"$(inherited)",
					"@executable_path/Frameworks",
					"@loader_path/Frameworks",
				);
				PRODUCT_BUNDLE_IDENTIFIER = com.an23lm.hrateTests;
				PRODUCT_NAME = "$(TARGET_NAME)";
				SWIFT_VERSION = 5.0;
				TARGETED_DEVICE_FAMILY = "1,2";
				TEST_HOST = "$(BUILT_PRODUCTS_DIR)/hrate.app/hrate";
			};
			name = Debug;
		};
		F797A7302678A049004FE57E /* Release */ = {
			isa = XCBuildConfiguration;
			buildSettings = {
				ALWAYS_EMBED_SWIFT_STANDARD_LIBRARIES = YES;
				BUNDLE_LOADER = "$(TEST_HOST)";
				CODE_SIGN_STYLE = Automatic;
				DEVELOPMENT_TEAM = F698675JBS;
				INFOPLIST_FILE = hrateTests/Info.plist;
				IPHONEOS_DEPLOYMENT_TARGET = 14.5;
				LD_RUNPATH_SEARCH_PATHS = (
					"$(inherited)",
					"@executable_path/Frameworks",
					"@loader_path/Frameworks",
				);
				PRODUCT_BUNDLE_IDENTIFIER = com.an23lm.hrateTests;
				PRODUCT_NAME = "$(TARGET_NAME)";
				SWIFT_VERSION = 5.0;
				TARGETED_DEVICE_FAMILY = "1,2";
				TEST_HOST = "$(BUILT_PRODUCTS_DIR)/hrate.app/hrate";
			};
			name = Release;
		};
		F797A7322678A049004FE57E /* Debug */ = {
			isa = XCBuildConfiguration;
			buildSettings = {
				ALWAYS_EMBED_SWIFT_STANDARD_LIBRARIES = YES;
				CODE_SIGN_STYLE = Automatic;
				DEVELOPMENT_TEAM = F698675JBS;
				INFOPLIST_FILE = hrateUITests/Info.plist;
				IPHONEOS_DEPLOYMENT_TARGET = 14.5;
				LD_RUNPATH_SEARCH_PATHS = (
					"$(inherited)",
					"@executable_path/Frameworks",
					"@loader_path/Frameworks",
				);
				PRODUCT_BUNDLE_IDENTIFIER = com.an23lm.hrateUITests;
				PRODUCT_NAME = "$(TARGET_NAME)";
				SWIFT_VERSION = 5.0;
				TARGETED_DEVICE_FAMILY = "1,2";
				TEST_TARGET_NAME = hrate;
			};
			name = Debug;
		};
		F797A7332678A049004FE57E /* Release */ = {
			isa = XCBuildConfiguration;
			buildSettings = {
				ALWAYS_EMBED_SWIFT_STANDARD_LIBRARIES = YES;
				CODE_SIGN_STYLE = Automatic;
				DEVELOPMENT_TEAM = F698675JBS;
				INFOPLIST_FILE = hrateUITests/Info.plist;
				IPHONEOS_DEPLOYMENT_TARGET = 14.5;
				LD_RUNPATH_SEARCH_PATHS = (
					"$(inherited)",
					"@executable_path/Frameworks",
					"@loader_path/Frameworks",
				);
				PRODUCT_BUNDLE_IDENTIFIER = com.an23lm.hrateUITests;
				PRODUCT_NAME = "$(TARGET_NAME)";
				SWIFT_VERSION = 5.0;
				TARGETED_DEVICE_FAMILY = "1,2";
				TEST_TARGET_NAME = hrate;
			};
			name = Release;
		};
		F7B7CEC6257C005D00E43882 /* Debug */ = {
			isa = XCBuildConfiguration;
			baseConfigurationReference = F78761C125ACD72600CCBDD6 /* Development.xcconfig */;
			buildSettings = {
				ALWAYS_SEARCH_USER_PATHS = NO;
				CLANG_ANALYZER_NONNULL = YES;
				CLANG_ANALYZER_NUMBER_OBJECT_CONVERSION = YES_AGGRESSIVE;
				CLANG_CXX_LANGUAGE_STANDARD = "gnu++14";
				CLANG_CXX_LIBRARY = "libc++";
				CLANG_ENABLE_MODULES = YES;
				CLANG_ENABLE_OBJC_ARC = YES;
				CLANG_ENABLE_OBJC_WEAK = YES;
				CLANG_WARN_BLOCK_CAPTURE_AUTORELEASING = YES;
				CLANG_WARN_BOOL_CONVERSION = YES;
				CLANG_WARN_COMMA = YES;
				CLANG_WARN_CONSTANT_CONVERSION = YES;
				CLANG_WARN_DEPRECATED_OBJC_IMPLEMENTATIONS = YES;
				CLANG_WARN_DIRECT_OBJC_ISA_USAGE = YES_ERROR;
				CLANG_WARN_DOCUMENTATION_COMMENTS = YES;
				CLANG_WARN_EMPTY_BODY = YES;
				CLANG_WARN_ENUM_CONVERSION = YES;
				CLANG_WARN_INFINITE_RECURSION = YES;
				CLANG_WARN_INT_CONVERSION = YES;
				CLANG_WARN_NON_LITERAL_NULL_CONVERSION = YES;
				CLANG_WARN_OBJC_IMPLICIT_RETAIN_SELF = YES;
				CLANG_WARN_OBJC_LITERAL_CONVERSION = YES;
				CLANG_WARN_OBJC_ROOT_CLASS = YES_ERROR;
				CLANG_WARN_QUOTED_INCLUDE_IN_FRAMEWORK_HEADER = YES;
				CLANG_WARN_RANGE_LOOP_ANALYSIS = YES;
				CLANG_WARN_STRICT_PROTOTYPES = YES;
				CLANG_WARN_SUSPICIOUS_MOVE = YES;
				CLANG_WARN_UNGUARDED_AVAILABILITY = YES_AGGRESSIVE;
				CLANG_WARN_UNREACHABLE_CODE = YES;
				CLANG_WARN__DUPLICATE_METHOD_MATCH = YES;
				COPY_PHASE_STRIP = NO;
				DEBUG_INFORMATION_FORMAT = dwarf;
				ENABLE_STRICT_OBJC_MSGSEND = YES;
				ENABLE_TESTABILITY = YES;
				GCC_C_LANGUAGE_STANDARD = gnu11;
				GCC_DYNAMIC_NO_PIC = NO;
				GCC_NO_COMMON_BLOCKS = YES;
				GCC_OPTIMIZATION_LEVEL = 0;
				GCC_PREPROCESSOR_DEFINITIONS = (
					"DEBUG=1",
					"$(inherited)",
				);
				GCC_WARN_64_TO_32_BIT_CONVERSION = YES;
				GCC_WARN_ABOUT_RETURN_TYPE = YES_ERROR;
				GCC_WARN_UNDECLARED_SELECTOR = YES;
				GCC_WARN_UNINITIALIZED_AUTOS = YES_AGGRESSIVE;
				GCC_WARN_UNUSED_FUNCTION = YES;
				GCC_WARN_UNUSED_VARIABLE = YES;
				MTL_ENABLE_DEBUG_INFO = INCLUDE_SOURCE;
				MTL_FAST_MATH = YES;
				ONLY_ACTIVE_ARCH = YES;
				SDKROOT = iphoneos;
				SWIFT_ACTIVE_COMPILATION_CONDITIONS = DEBUG;
				SWIFT_OPTIMIZATION_LEVEL = "-Onone";
			};
			name = Debug;
		};
		F7B7CEC7257C005D00E43882 /* Release */ = {
			isa = XCBuildConfiguration;
			baseConfigurationReference = F78761C225ACD8D300CCBDD6 /* Production.xcconfig */;
			buildSettings = {
				ALWAYS_SEARCH_USER_PATHS = NO;
				CLANG_ANALYZER_NONNULL = YES;
				CLANG_ANALYZER_NUMBER_OBJECT_CONVERSION = YES_AGGRESSIVE;
				CLANG_CXX_LANGUAGE_STANDARD = "gnu++14";
				CLANG_CXX_LIBRARY = "libc++";
				CLANG_ENABLE_MODULES = YES;
				CLANG_ENABLE_OBJC_ARC = YES;
				CLANG_ENABLE_OBJC_WEAK = YES;
				CLANG_WARN_BLOCK_CAPTURE_AUTORELEASING = YES;
				CLANG_WARN_BOOL_CONVERSION = YES;
				CLANG_WARN_COMMA = YES;
				CLANG_WARN_CONSTANT_CONVERSION = YES;
				CLANG_WARN_DEPRECATED_OBJC_IMPLEMENTATIONS = YES;
				CLANG_WARN_DIRECT_OBJC_ISA_USAGE = YES_ERROR;
				CLANG_WARN_DOCUMENTATION_COMMENTS = YES;
				CLANG_WARN_EMPTY_BODY = YES;
				CLANG_WARN_ENUM_CONVERSION = YES;
				CLANG_WARN_INFINITE_RECURSION = YES;
				CLANG_WARN_INT_CONVERSION = YES;
				CLANG_WARN_NON_LITERAL_NULL_CONVERSION = YES;
				CLANG_WARN_OBJC_IMPLICIT_RETAIN_SELF = YES;
				CLANG_WARN_OBJC_LITERAL_CONVERSION = YES;
				CLANG_WARN_OBJC_ROOT_CLASS = YES_ERROR;
				CLANG_WARN_QUOTED_INCLUDE_IN_FRAMEWORK_HEADER = YES;
				CLANG_WARN_RANGE_LOOP_ANALYSIS = YES;
				CLANG_WARN_STRICT_PROTOTYPES = YES;
				CLANG_WARN_SUSPICIOUS_MOVE = YES;
				CLANG_WARN_UNGUARDED_AVAILABILITY = YES_AGGRESSIVE;
				CLANG_WARN_UNREACHABLE_CODE = YES;
				CLANG_WARN__DUPLICATE_METHOD_MATCH = YES;
				COPY_PHASE_STRIP = NO;
				DEBUG_INFORMATION_FORMAT = "dwarf-with-dsym";
				ENABLE_NS_ASSERTIONS = NO;
				ENABLE_STRICT_OBJC_MSGSEND = YES;
				GCC_C_LANGUAGE_STANDARD = gnu11;
				GCC_NO_COMMON_BLOCKS = YES;
				GCC_WARN_64_TO_32_BIT_CONVERSION = YES;
				GCC_WARN_ABOUT_RETURN_TYPE = YES_ERROR;
				GCC_WARN_UNDECLARED_SELECTOR = YES;
				GCC_WARN_UNINITIALIZED_AUTOS = YES_AGGRESSIVE;
				GCC_WARN_UNUSED_FUNCTION = YES;
				GCC_WARN_UNUSED_VARIABLE = YES;
				MTL_ENABLE_DEBUG_INFO = NO;
				MTL_FAST_MATH = YES;
				SDKROOT = iphoneos;
				SWIFT_COMPILATION_MODE = wholemodule;
				SWIFT_OPTIMIZATION_LEVEL = "-O";
				VALIDATE_PRODUCT = YES;
			};
			name = Release;
		};
		F7B7CEC9257C005D00E43882 /* Debug */ = {
			isa = XCBuildConfiguration;
			buildSettings = {
				ASSETCATALOG_COMPILER_COMPLICATION_NAME = Complication;
				CODE_SIGN_ENTITLEMENTS = "hrate WatchKit Extension/hrate WatchKit Extension.entitlements";
				CODE_SIGN_STYLE = Automatic;
				DEVELOPMENT_ASSET_PATHS = "\"hrate WatchKit Extension/Preview Content\"";
				DEVELOPMENT_TEAM = F698675JBS;
				ENABLE_PREVIEWS = YES;
				INFOPLIST_FILE = "hrate WatchKit Extension/Info.plist";
				LD_RUNPATH_SEARCH_PATHS = (
					"$(inherited)",
					"@executable_path/Frameworks",
					"@executable_path/../../Frameworks",
				);
				PRODUCT_BUNDLE_IDENTIFIER = com.an23lm.hrate.watchkitapp.watchkitextension;
				PRODUCT_NAME = "${TARGET_NAME}";
				SDKROOT = watchos;
				SKIP_INSTALL = YES;
				SWIFT_VERSION = 5.0;
				TARGETED_DEVICE_FAMILY = 4;
				WATCHOS_DEPLOYMENT_TARGET = 7.1;
			};
			name = Debug;
		};
		F7B7CECA257C005D00E43882 /* Release */ = {
			isa = XCBuildConfiguration;
			buildSettings = {
				ASSETCATALOG_COMPILER_COMPLICATION_NAME = Complication;
				CODE_SIGN_ENTITLEMENTS = "hrate WatchKit Extension/hrate WatchKit Extension.entitlements";
				CODE_SIGN_STYLE = Automatic;
				DEVELOPMENT_ASSET_PATHS = "\"hrate WatchKit Extension/Preview Content\"";
				DEVELOPMENT_TEAM = F698675JBS;
				ENABLE_PREVIEWS = YES;
				INFOPLIST_FILE = "hrate WatchKit Extension/Info.plist";
				LD_RUNPATH_SEARCH_PATHS = (
					"$(inherited)",
					"@executable_path/Frameworks",
					"@executable_path/../../Frameworks",
				);
				PRODUCT_BUNDLE_IDENTIFIER = com.an23lm.hrate.watchkitapp.watchkitextension;
				PRODUCT_NAME = "${TARGET_NAME}";
				SDKROOT = watchos;
				SKIP_INSTALL = YES;
				SWIFT_VERSION = 5.0;
				TARGETED_DEVICE_FAMILY = 4;
				WATCHOS_DEPLOYMENT_TARGET = 7.1;
			};
			name = Release;
		};
		F7B7CECD257C005D00E43882 /* Debug */ = {
			isa = XCBuildConfiguration;
			buildSettings = {
				ALWAYS_EMBED_SWIFT_STANDARD_LIBRARIES = YES;
				ASSETCATALOG_COMPILER_APPICON_NAME = AppIcon;
				ASSETCATALOG_COMPILER_GLOBAL_ACCENT_COLOR_NAME = AccentColor;
				CODE_SIGN_STYLE = Automatic;
				DEVELOPMENT_TEAM = F698675JBS;
				IBSC_MODULE = hrate_WatchKit_Extension;
				INFOPLIST_FILE = "hrate WatchKit App/Info.plist";
				PRODUCT_BUNDLE_IDENTIFIER = com.an23lm.hrate.watchkitapp;
				PRODUCT_NAME = "$(TARGET_NAME)";
				SDKROOT = watchos;
				SKIP_INSTALL = YES;
				SWIFT_VERSION = 5.0;
				TARGETED_DEVICE_FAMILY = 4;
				WATCHOS_DEPLOYMENT_TARGET = 7.1;
			};
			name = Debug;
		};
		F7B7CECE257C005D00E43882 /* Release */ = {
			isa = XCBuildConfiguration;
			buildSettings = {
				ALWAYS_EMBED_SWIFT_STANDARD_LIBRARIES = YES;
				ASSETCATALOG_COMPILER_APPICON_NAME = AppIcon;
				ASSETCATALOG_COMPILER_GLOBAL_ACCENT_COLOR_NAME = AccentColor;
				CODE_SIGN_STYLE = Automatic;
				DEVELOPMENT_TEAM = F698675JBS;
				IBSC_MODULE = hrate_WatchKit_Extension;
				INFOPLIST_FILE = "hrate WatchKit App/Info.plist";
				PRODUCT_BUNDLE_IDENTIFIER = com.an23lm.hrate.watchkitapp;
				PRODUCT_NAME = "$(TARGET_NAME)";
				SDKROOT = watchos;
				SKIP_INSTALL = YES;
				SWIFT_VERSION = 5.0;
				TARGETED_DEVICE_FAMILY = 4;
				WATCHOS_DEPLOYMENT_TARGET = 7.1;
			};
			name = Release;
		};
/* End XCBuildConfiguration section */

/* Begin XCConfigurationList section */
		F797A72B2678A049004FE57E /* Build configuration list for PBXNativeTarget "hrate" */ = {
			isa = XCConfigurationList;
			buildConfigurations = (
				F797A72C2678A049004FE57E /* Debug */,
				F797A72D2678A049004FE57E /* Release */,
			);
			defaultConfigurationIsVisible = 0;
			defaultConfigurationName = Release;
		};
		F797A72E2678A049004FE57E /* Build configuration list for PBXNativeTarget "hrateTests" */ = {
			isa = XCConfigurationList;
			buildConfigurations = (
				F797A72F2678A049004FE57E /* Debug */,
				F797A7302678A049004FE57E /* Release */,
			);
			defaultConfigurationIsVisible = 0;
			defaultConfigurationName = Release;
		};
		F797A7312678A049004FE57E /* Build configuration list for PBXNativeTarget "hrateUITests" */ = {
			isa = XCConfigurationList;
			buildConfigurations = (
				F797A7322678A049004FE57E /* Debug */,
				F797A7332678A049004FE57E /* Release */,
			);
			defaultConfigurationIsVisible = 0;
			defaultConfigurationName = Release;
		};
		F7B7CEA2257C005800E43882 /* Build configuration list for PBXProject "HRate" */ = {
			isa = XCConfigurationList;
			buildConfigurations = (
				F7B7CEC6257C005D00E43882 /* Debug */,
				F7B7CEC7257C005D00E43882 /* Release */,
			);
			defaultConfigurationIsVisible = 0;
			defaultConfigurationName = Release;
		};
		F7B7CEC8257C005D00E43882 /* Build configuration list for PBXNativeTarget "HRate WatchKit Extension" */ = {
			isa = XCConfigurationList;
			buildConfigurations = (
				F7B7CEC9257C005D00E43882 /* Debug */,
				F7B7CECA257C005D00E43882 /* Release */,
			);
			defaultConfigurationIsVisible = 0;
			defaultConfigurationName = Release;
		};
		F7B7CECC257C005D00E43882 /* Build configuration list for PBXNativeTarget "HRate WatchKit App" */ = {
			isa = XCConfigurationList;
			buildConfigurations = (
				F7B7CECD257C005D00E43882 /* Debug */,
				F7B7CECE257C005D00E43882 /* Release */,
			);
			defaultConfigurationIsVisible = 0;
			defaultConfigurationName = Release;
		};
/* End XCConfigurationList section */

/* Begin XCRemoteSwiftPackageReference section */
		F7B7CEE0257C018400E43882 /* XCRemoteSwiftPackageReference "socket" */ = {
			isa = XCRemoteSwiftPackageReference;
			repositoryURL = "https://github.com/socketio/socket.io-client-swift";
			requirement = {
				kind = upToNextMajorVersion;
				minimumVersion = 15.2.0;
			};
		};
/* End XCRemoteSwiftPackageReference section */

/* Begin XCSwiftPackageProductDependency section */
		F7B7CEE1257C018400E43882 /* SocketIO */ = {
			isa = XCSwiftPackageProductDependency;
			package = F7B7CEE0257C018400E43882 /* XCRemoteSwiftPackageReference "socket" */;
			productName = SocketIO;
		};
/* End XCSwiftPackageProductDependency section */
	};
	rootObject = F7B7CE9F257C005800E43882 /* Project object */;
}
